{
  "nodes": {
    "nixpkgs": {
      "locked": {
        "lastModified": 1712084331,
        "narHash": "sha256-15d0TYHpFRDIst6rsNcBn1/F0F5jU2s2xwwKasIRLQ4=",
        "owner": "nixos",
        "repo": "nixpkgs",
        "rev": "ac9983e7765f6b5e452429912d156ff1fa7bd4db",
        "type": "github"
      },
      "original": {
        "owner": "nixos",
        "repo": "nixpkgs",
        "type": "github"
      }
    },
    "root": {
      "inputs": {
        "nixpkgs": "nixpkgs",
        "systems": "systems"
      }
    },
    "systems": {
      "locked": {
        "lastModified": 1681028828,
        "narHash": "sha256-Vy1rq5AaRuLzOxct8nz4T6wlgyUR7zLU309k9mBC768=",
        "owner": "nix-systems",
        "repo": "default",
        "rev": "da67096a3b9bf56a91d16901293e51ba5b49a27e",
        "type": "github"
      },
      "original": {
        "owner": "nix-systems",
        "repo": "default",
        "type": "github"
      }
    }
  },
  "root": "root",
  "version": 7
}
