lockfileVersion: 5.3

specifiers:
  '@vitejs/plugin-vue': 3.0.3
  ast-grep-wasm: file:../crates/wasm/pkg/
  monaco-editor: 0.34.0
  tree-sitter-javascript: 0.19.0
  typescript: 4.8.2
  vite: 3.0.9
  vue: 3.2.38
  vue-tsc: 0.40.5
  web-tree-sitter: 0.20.5

dependencies:
  monaco-editor: 0.34.0
  tree-sitter-javascript: 0.19.0
  vue: 3.2.38
  web-tree-sitter: 0.20.5

optionalDependencies:
  ast-grep-wasm: link:../crates/wasm/pkg

devDependencies:
  '@vitejs/plugin-vue': 3.0.3_vite@3.0.9+vue@3.2.38
  typescript: 4.8.2
  vite: 3.0.9
  vue-tsc: 0.40.5_typescript@4.8.2

packages:

  /@babel/helper-string-parser/7.18.10:
    resolution: {integrity: sha512-XtIfWmeNY3i4t7t4D2t02q50HvqHybPqW2ki1kosnvWCwuCMeo81Jf0gwr85jy/neUdg5XDdeFE/80DXiO+njw==}
    engines: {node: '>=6.9.0'}

  /@babel/helper-validator-identifier/7.18.6:
    resolution: {integrity: sha512-MmetCkz9ej86nJQV+sFCxoGGrUbU3q02kgLciwkrt9QqEB7cP39oKEY0PakknEO0Gu20SskMRi+AYZ3b1TpN9g==}
    engines: {node: '>=6.9.0'}

  /@babel/parser/7.18.11:
    resolution: {integrity: sha512-9JKn5vN+hDt0Hdqn1PiJ2guflwP+B6Ga8qbDuoF0PzzVhrzsKIJo8yGqVk6CmMHiMei9w1C1Bp9IMJSIK+HPIQ==}
    engines: {node: '>=6.0.0'}
    hasBin: true
    dependencies:
      '@babel/types': 7.18.13

  /@babel/types/7.18.13:
    resolution: {integrity: sha512-ePqfTihzW0W6XAU+aMw2ykilisStJfDnsejDCXRchCcMJ4O0+8DhPXf2YUbZ6wjBlsEmZwLK/sPweWtu8hcJYQ==}
    engines: {node: '>=6.9.0'}
    dependencies:
      '@babel/helper-string-parser': 7.18.10
      '@babel/helper-validator-identifier': 7.18.6
      to-fast-properties: 2.0.0

  /@esbuild/linux-loong64/0.14.53:
    resolution: {integrity: sha512-W2dAL6Bnyn4xa/QRSU3ilIK4EzD5wgYXKXJiS1HDF5vU3675qc2bvFyLwbUcdmssDveyndy7FbitrCoiV/eMLg==}
    engines: {node: '>=12'}
    cpu: [loong64]
    os: [linux]
    requiresBuild: true
    dev: true
    optional: true

  /@vitejs/plugin-vue/3.0.3_vite@3.0.9+vue@3.2.38:
    resolution: {integrity: sha512-U4zNBlz9mg+TA+i+5QPc3N5lQvdUXENZLO2h0Wdzp56gI1MWhqJOv+6R+d4kOzoaSSq6TnGPBdZAXKOe4lXy6g==}
    engines: {node: ^14.18.0 || >=16.0.0}
    peerDependencies:
      vite: ^3.0.0
      vue: ^3.2.25
    dependencies:
      vite: 3.0.9
      vue: 3.2.38
    dev: true

  /@volar/code-gen/0.40.5:
    resolution: {integrity: sha512-M3D/2pmvjyGYalmldcyvTqVXhUnDxMYA2HtThmdQ8pVsTW4BVVzqrjnJAvHKNfM/zU0XA+fzIh1tfJ4Cssoe5w==}
    dependencies:
      '@volar/source-map': 0.40.5
    dev: true

  /@volar/source-map/0.40.5:
    resolution: {integrity: sha512-HNO+svbNHXmJtDs82muusI1ErWnMpmNPDpz0Hmex5XDEa+q3NlWFXPMAxCflg294fkCfdOizyCxXYqh3UKz3VA==}
    dependencies:
      '@vue/reactivity': 3.2.37
    dev: true

  /@volar/typescript-faster/0.40.5:
    resolution: {integrity: sha512-DfIVkQawbesz+8ghbYS1NnlIQjfMIDsSJY/bumIJk98M/tM/2Fykhiil3GDfTr6ju/fAqDpfF8VF8XpYDWPc7w==}
    dependencies:
      semver: 7.3.7
    dev: true

  /@volar/vue-language-core/0.40.5:
    resolution: {integrity: sha512-4EpMQdLaORWg3EBZtgqzgkNRm1+qvyvCyLbnWHT2SPkUuHObPcbyA3giXbOEnPB0pnQpr2nVTv+tRLWvksXdyA==}
    dependencies:
      '@volar/code-gen': 0.40.5
      '@volar/source-map': 0.40.5
      '@vue/compiler-core': 3.2.38
      '@vue/compiler-dom': 3.2.38
      '@vue/compiler-sfc': 3.2.38
      '@vue/reactivity': 3.2.38
      '@vue/shared': 3.2.38
    dev: true

  /@volar/vue-typescript/0.40.5:
    resolution: {integrity: sha512-6OHJ87e8A3Z0xuWmBg72X5aYbW/EatogB168827j/OL371eiy3dExqa5y2+eJuWYjDiRJOmlHzhUElN+OEQRZQ==}
    dependencies:
      '@volar/code-gen': 0.40.5
      '@volar/typescript-faster': 0.40.5
      '@volar/vue-language-core': 0.40.5
    dev: true

  /@vue/compiler-core/3.2.38:
    resolution: {integrity: sha512-/FsvnSu7Z+lkd/8KXMa4yYNUiqQrI22135gfsQYVGuh5tqEgOB0XqrUdb/KnCLa5+TmQLPwvyUnKMyCpu+SX3Q==}
    dependencies:
      '@babel/parser': 7.18.11
      '@vue/shared': 3.2.38
      estree-walker: 2.0.2
      source-map: 0.6.1

  /@vue/compiler-dom/3.2.38:
    resolution: {integrity: sha512-zqX4FgUbw56kzHlgYuEEJR8mefFiiyR3u96498+zWPsLeh1WKvgIReoNE+U7gG8bCUdvsrJ0JRmev0Ky6n2O0g==}
    dependencies:
      '@vue/compiler-core': 3.2.38
      '@vue/shared': 3.2.38

  /@vue/compiler-sfc/3.2.38:
    resolution: {integrity: sha512-KZjrW32KloMYtTcHAFuw3CqsyWc5X6seb8KbkANSWt3Cz9p2qA8c1GJpSkksFP9ABb6an0FLCFl46ZFXx3kKpg==}
    dependencies:
      '@babel/parser': 7.18.11
      '@vue/compiler-core': 3.2.38
      '@vue/compiler-dom': 3.2.38
      '@vue/compiler-ssr': 3.2.38
      '@vue/reactivity-transform': 3.2.38
      '@vue/shared': 3.2.38
      estree-walker: 2.0.2
      magic-string: 0.25.9
      postcss: 8.4.16
      source-map: 0.6.1

  /@vue/compiler-ssr/3.2.38:
    resolution: {integrity: sha512-bm9jOeyv1H3UskNm4S6IfueKjUNFmi2kRweFIGnqaGkkRePjwEcfCVqyS3roe7HvF4ugsEkhf4+kIvDhip6XzQ==}
    dependencies:
      '@vue/compiler-dom': 3.2.38
      '@vue/shared': 3.2.38

  /@vue/reactivity-transform/3.2.38:
    resolution: {integrity: sha512-3SD3Jmi1yXrDwiNJqQ6fs1x61WsDLqVk4NyKVz78mkaIRh6d3IqtRnptgRfXn+Fzf+m6B1KxBYWq1APj6h4qeA==}
    dependencies:
      '@babel/parser': 7.18.11
      '@vue/compiler-core': 3.2.38
      '@vue/shared': 3.2.38
      estree-walker: 2.0.2
      magic-string: 0.25.9

  /@vue/reactivity/3.2.37:
    resolution: {integrity: sha512-/7WRafBOshOc6m3F7plwzPeCu/RCVv9uMpOwa/5PiY1Zz+WLVRWiy0MYKwmg19KBdGtFWsmZ4cD+LOdVPcs52A==}
    dependencies:
      '@vue/shared': 3.2.37
    dev: true

  /@vue/reactivity/3.2.38:
    resolution: {integrity: sha512-6L4myYcH9HG2M25co7/BSo0skKFHpAN8PhkNPM4xRVkyGl1K5M3Jx4rp5bsYhvYze2K4+l+pioN4e6ZwFLUVtw==}
    dependencies:
      '@vue/shared': 3.2.38

  /@vue/runtime-core/3.2.38:
    resolution: {integrity: sha512-kk0qiSiXUU/IKxZw31824rxmFzrLr3TL6ZcbrxWTKivadoKupdlzbQM4SlGo4MU6Zzrqv4fzyUasTU1jDoEnzg==}
    dependencies:
      '@vue/reactivity': 3.2.38
      '@vue/shared': 3.2.38

  /@vue/runtime-dom/3.2.38:
    resolution: {integrity: sha512-4PKAb/ck2TjxdMSzMsnHViOrrwpudk4/A56uZjhzvusoEU9xqa5dygksbzYepdZeB5NqtRw5fRhWIiQlRVK45A==}
    dependencies:
      '@vue/runtime-core': 3.2.38
      '@vue/shared': 3.2.38
      csstype: 2.6.20

  /@vue/server-renderer/3.2.38_vue@3.2.38:
    resolution: {integrity: sha512-pg+JanpbOZ5kEfOZzO2bt02YHd+ELhYP8zPeLU1H0e7lg079NtuuSB8fjLdn58c4Ou8UQ6C1/P+528nXnLPAhA==}
    peerDependencies:
      vue: 3.2.38
    dependencies:
      '@vue/compiler-ssr': 3.2.38
      '@vue/shared': 3.2.38
      vue: 3.2.38

  /@vue/shared/3.2.37:
    resolution: {integrity: sha512-4rSJemR2NQIo9Klm1vabqWjD8rs/ZaJSzMxkMNeJS6lHiUjjUeYFbooN19NgFjztubEKh3WlZUeOLVdbbUWHsw==}
    dev: true

  /@vue/shared/3.2.38:
    resolution: {integrity: sha512-dTyhTIRmGXBjxJE+skC8tTWCGLCVc4wQgRRLt8+O9p5ewBAjoBwtCAkLPrtToSr1xltoe3st21Pv953aOZ7alg==}

  /csstype/2.6.20:
    resolution: {integrity: sha512-/WwNkdXfckNgw6S5R125rrW8ez139lBHWouiBvX8dfMFtcn6V81REDqnH7+CRpRipfYlyU1CmOnOxrmGcFOjeA==}

  /esbuild-android-64/0.14.53:
    resolution: {integrity: sha512-fIL93sOTnEU+NrTAVMIKiAw0YH22HWCAgg4N4Z6zov2t0kY9RAJ50zY9ZMCQ+RT6bnOfDt8gCTnt/RaSNA2yRA==}
    engines: {node: '>=12'}
    cpu: [x64]
    os: [android]
    requiresBuild: true
    dev: true
    optional: true

  /esbuild-android-arm64/0.14.53:
    resolution: {integrity: sha512-PC7KaF1v0h/nWpvlU1UMN7dzB54cBH8qSsm7S9mkwFA1BXpaEOufCg8hdoEI1jep0KeO/rjZVWrsH8+q28T77A==}
    engines: {node: '>=12'}
    cpu: [arm64]
    os: [android]
    requiresBuild: true
    dev: true
    optional: true

  /esbuild-darwin-64/0.14.53:
    resolution: {integrity: sha512-gE7P5wlnkX4d4PKvLBUgmhZXvL7lzGRLri17/+CmmCzfncIgq8lOBvxGMiQ4xazplhxq+72TEohyFMZLFxuWvg==}
    engines: {node: '>=12'}
    cpu: [x64]
    os: [darwin]
    requiresBuild: true
    dev: true
    optional: true

  /esbuild-darwin-arm64/0.14.53:
    resolution: {integrity: sha512-otJwDU3hnI15Q98PX4MJbknSZ/WSR1I45il7gcxcECXzfN4Mrpft5hBDHXNRnCh+5858uPXBXA1Vaz2jVWLaIA==}
    engines: {node: '>=12'}
    cpu: [arm64]
    os: [darwin]
    requiresBuild: true
    dev: true
    optional: true

  /esbuild-freebsd-64/0.14.53:
    resolution: {integrity: sha512-WkdJa8iyrGHyKiPF4lk0MiOF87Q2SkE+i+8D4Cazq3/iqmGPJ6u49je300MFi5I2eUsQCkaOWhpCVQMTKGww2w==}
    engines: {node: '>=12'}
    cpu: [x64]
    os: [freebsd]
    requiresBuild: true
    dev: true
    optional: true

  /esbuild-freebsd-arm64/0.14.53:
    resolution: {integrity: sha512-9T7WwCuV30NAx0SyQpw8edbKvbKELnnm1FHg7gbSYaatH+c8WJW10g/OdM7JYnv7qkimw2ZTtSA+NokOLd2ydQ==}
    engines: {node: '>=12'}
    cpu: [arm64]
    os: [freebsd]
    requiresBuild: true
    dev: true
    optional: true

  /esbuild-linux-32/0.14.53:
    resolution: {integrity: sha512-VGanLBg5en2LfGDgLEUxQko2lqsOS7MTEWUi8x91YmsHNyzJVT/WApbFFx3MQGhkf+XdimVhpyo5/G0PBY91zg==}
    engines: {node: '>=12'}
    cpu: [ia32]
    os: [linux]
    requiresBuild: true
    dev: true
    optional: true

  /esbuild-linux-64/0.14.53:
    resolution: {integrity: sha512-pP/FA55j/fzAV7N9DF31meAyjOH6Bjuo3aSKPh26+RW85ZEtbJv9nhoxmGTd9FOqjx59Tc1ZbrJabuiXlMwuZQ==}
    engines: {node: '>=12'}
    cpu: [x64]
    os: [linux]
    requiresBuild: true
    dev: true
    optional: true

  /esbuild-linux-arm/0.14.53:
    resolution: {integrity: sha512-/u81NGAVZMopbmzd21Nu/wvnKQK3pT4CrvQ8BTje1STXcQAGnfyKgQlj3m0j2BzYbvQxSy+TMck4TNV2onvoPA==}
    engines: {node: '>=12'}
    cpu: [arm]
    os: [linux]
    requiresBuild: true
    dev: true
    optional: true

  /esbuild-linux-arm64/0.14.53:
    resolution: {integrity: sha512-GDmWITT+PMsjCA6/lByYk7NyFssW4Q6in32iPkpjZ/ytSyH+xeEx8q7HG3AhWH6heemEYEWpTll/eui3jwlSnw==}
    engines: {node: '>=12'}
    cpu: [arm64]
    os: [linux]
    requiresBuild: true
    dev: true
    optional: true

  /esbuild-linux-mips64le/0.14.53:
    resolution: {integrity: sha512-d6/XHIQW714gSSp6tOOX2UscedVobELvQlPMkInhx1NPz4ThZI9uNLQ4qQJHGBGKGfu+rtJsxM4NVHLhnNRdWQ==}
    engines: {node: '>=12'}
    cpu: [mips64el]
    os: [linux]
    requiresBuild: true
    dev: true
    optional: true

  /esbuild-linux-ppc64le/0.14.53:
    resolution: {integrity: sha512-ndnJmniKPCB52m+r6BtHHLAOXw+xBCWIxNnedbIpuREOcbSU/AlyM/2dA3BmUQhsHdb4w3amD5U2s91TJ3MzzA==}
    engines: {node: '>=12'}
    cpu: [ppc64]
    os: [linux]
    requiresBuild: true
    dev: true
    optional: true

  /esbuild-linux-riscv64/0.14.53:
    resolution: {integrity: sha512-yG2sVH+QSix6ct4lIzJj329iJF3MhloLE6/vKMQAAd26UVPVkhMFqFopY+9kCgYsdeWvXdPgmyOuKa48Y7+/EQ==}
    engines: {node: '>=12'}
    cpu: [riscv64]
    os: [linux]
    requiresBuild: true
    dev: true
    optional: true

  /esbuild-linux-s390x/0.14.53:
    resolution: {integrity: sha512-OCJlgdkB+XPYndHmw6uZT7jcYgzmx9K+28PVdOa/eLjdoYkeAFvH5hTwX4AXGLZLH09tpl4bVsEtvuyUldaNCg==}
    engines: {node: '>=12'}
    cpu: [s390x]
    os: [linux]
    requiresBuild: true
    dev: true
    optional: true

  /esbuild-netbsd-64/0.14.53:
    resolution: {integrity: sha512-gp2SB+Efc7MhMdWV2+pmIs/Ja/Mi5rjw+wlDmmbIn68VGXBleNgiEZG+eV2SRS0kJEUyHNedDtwRIMzaohWedQ==}
    engines: {node: '>=12'}
    cpu: [x64]
    os: [netbsd]
    requiresBuild: true
    dev: true
    optional: true

  /esbuild-openbsd-64/0.14.53:
    resolution: {integrity: sha512-eKQ30ZWe+WTZmteDYg8S+YjHV5s4iTxeSGhJKJajFfQx9TLZJvsJX0/paqwP51GicOUruFpSUAs2NCc0a4ivQQ==}
    engines: {node: '>=12'}
    cpu: [x64]
    os: [openbsd]
    requiresBuild: true
    dev: true
    optional: true

  /esbuild-sunos-64/0.14.53:
    resolution: {integrity: sha512-OWLpS7a2FrIRukQqcgQqR1XKn0jSJoOdT+RlhAxUoEQM/IpytS3FXzCJM6xjUYtpO5GMY0EdZJp+ur2pYdm39g==}
    engines: {node: '>=12'}
    cpu: [x64]
    os: [sunos]
    requiresBuild: true
    dev: true
    optional: true

  /esbuild-windows-32/0.14.53:
    resolution: {integrity: sha512-m14XyWQP5rwGW0tbEfp95U6A0wY0DYPInWBB7D69FAXUpBpBObRoGTKRv36lf2RWOdE4YO3TNvj37zhXjVL5xg==}
    engines: {node: '>=12'}
    cpu: [ia32]
    os: [win32]
    requiresBuild: true
    dev: true
    optional: true

  /esbuild-windows-64/0.14.53:
    resolution: {integrity: sha512-s9skQFF0I7zqnQ2K8S1xdLSfZFsPLuOGmSx57h2btSEswv0N0YodYvqLcJMrNMXh6EynOmWD7rz+0rWWbFpIHQ==}
    engines: {node: '>=12'}
    cpu: [x64]
    os: [win32]
    requiresBuild: true
    dev: true
    optional: true

  /esbuild-windows-arm64/0.14.53:
    resolution: {integrity: sha512-E+5Gvb+ZWts+00T9II6wp2L3KG2r3iGxByqd/a1RmLmYWVsSVUjkvIxZuJ3hYTIbhLkH5PRwpldGTKYqVz0nzQ==}
    engines: {node: '>=12'}
    cpu: [arm64]
    os: [win32]
    requiresBuild: true
    dev: true
    optional: true

  /esbuild/0.14.53:
    resolution: {integrity: sha512-ohO33pUBQ64q6mmheX1mZ8mIXj8ivQY/L4oVuAshr+aJI+zLl+amrp3EodrUNDNYVrKJXGPfIHFGhO8slGRjuw==}
    engines: {node: '>=12'}
    hasBin: true
    requiresBuild: true
    optionalDependencies:
      '@esbuild/linux-loong64': 0.14.53
      esbuild-android-64: 0.14.53
      esbuild-android-arm64: 0.14.53
      esbuild-darwin-64: 0.14.53
      esbuild-darwin-arm64: 0.14.53
      esbuild-freebsd-64: 0.14.53
      esbuild-freebsd-arm64: 0.14.53
      esbuild-linux-32: 0.14.53
      esbuild-linux-64: 0.14.53
      esbuild-linux-arm: 0.14.53
      esbuild-linux-arm64: 0.14.53
      esbuild-linux-mips64le: 0.14.53
      esbuild-linux-ppc64le: 0.14.53
      esbuild-linux-riscv64: 0.14.53
      esbuild-linux-s390x: 0.14.53
      esbuild-netbsd-64: 0.14.53
      esbuild-openbsd-64: 0.14.53
      esbuild-sunos-64: 0.14.53
      esbuild-windows-32: 0.14.53
      esbuild-windows-64: 0.14.53
      esbuild-windows-arm64: 0.14.53
    dev: true

  /estree-walker/2.0.2:
    resolution: {integrity: sha512-Rfkk/Mp/DL7JVje3u18FxFujQlTNR2q6QfMSMB7AvCBx91NGj/ba3kCfza0f6dVDbw7YlRf/nDrn7pQrCCyQ/w==}

  /fsevents/2.3.2:
    resolution: {integrity: sha512-xiqMQR4xAeHTuB9uWm+fFRcIOgKBMiOBP+eXiyT7jsgVCq1bkVygt00oASowB7EdtpOHaaPgKt812P9ab+DDKA==}
    engines: {node: ^8.16.0 || ^10.6.0 || >=11.0.0}
    os: [darwin]
    requiresBuild: true
    dev: true
    optional: true

  /function-bind/1.1.1:
    resolution: {integrity: sha512-yIovAzMX49sF8Yl58fSCWJ5svSLuaibPxXQJFLmBObTuCr0Mf1KiPopGM9NiFjiYBCbfaa2Fh6breQ6ANVTI0A==}
    dev: true

  /has/1.0.3:
    resolution: {integrity: sha512-f2dvO0VU6Oej7RkWJGrehjbzMAjFp5/VKPp5tTpWIV4JHHZK1/BxbFRtf/siA2SWTe09caDmVtYYzWEIbBS4zw==}
    engines: {node: '>= 0.4.0'}
    dependencies:
      function-bind: 1.1.1
    dev: true

  /is-core-module/2.10.0:
    resolution: {integrity: sha512-Erxj2n/LDAZ7H8WNJXd9tw38GYM3dv8rk8Zcs+jJuxYTW7sozH+SS8NtrSjVL1/vpLvWi1hxy96IzjJ3EHTJJg==}
    dependencies:
      has: 1.0.3
    dev: true

  /lru-cache/6.0.0:
    resolution: {integrity: sha512-Jo6dJ04CmSjuznwJSS3pUeWmd/H0ffTlkXXgwZi+eq1UCmqQwCh+eLsYOYCwY991i2Fah4h1BEMCx4qThGbsiA==}
    engines: {node: '>=10'}
    dependencies:
      yallist: 4.0.0
    dev: true

  /magic-string/0.25.9:
    resolution: {integrity: sha512-RmF0AsMzgt25qzqqLc1+MbHmhdx0ojF2Fvs4XnOqz2ZOBXzzkEwc/dJQZCYHAn7v1jbVOjAZfK8msRn4BxO4VQ==}
    dependencies:
      sourcemap-codec: 1.4.8

  /monaco-editor/0.34.0:
    resolution: {integrity: sha512-VF+S5zG8wxfinLKLrWcl4WUizMx+LeJrG4PM/M78OhcwocpV0jiyhX/pG6Q9jIOhrb/ckYi6nHnaR5OojlOZCQ==}
    dev: false

  /nan/2.16.0:
    resolution: {integrity: sha512-UdAqHyFngu7TfQKsCBgAA6pWDkT8MAO7d0jyOecVhN5354xbLqdn8mV9Tat9gepAupm0bt2DbeaSC8vS52MuFA==}
    dev: false

  /nanoid/3.3.4:
    resolution: {integrity: sha512-MqBkQh/OHTS2egovRtLk45wEyNXwF+cokD+1YPf9u5VfJiRdAiRwB2froX5Co9Rh20xs4siNPm8naNotSD6RBw==}
    engines: {node: ^10 || ^12 || ^13.7 || ^14 || >=15.0.1}
    hasBin: true

  /path-parse/1.0.7:
    resolution: {integrity: sha512-LDJzPVEEEPR+y48z93A0Ed0yXb8pAByGWo/k5YYdYgpY2/2EsOsksJrq7lOHxryrVOn1ejG6oAp8ahvOIQD8sw==}
    dev: true

  /picocolors/1.0.0:
    resolution: {integrity: sha512-1fygroTLlHu66zi26VoTDv8yRgm0Fccecssto+MhsZ0D/DGW2sm8E8AjW7NU5VVTRt5GxbeZ5qBuJr+HyLYkjQ==}

  /postcss/8.4.16:
    resolution: {integrity: sha512-ipHE1XBvKzm5xI7hiHCZJCSugxvsdq2mPnsq5+UF+VHCjiBvtDrlxJfMBToWaP9D5XlgNmcFGqoHmUn0EYEaRQ==}
    engines: {node: ^10 || ^12 || >=14}
    dependencies:
      nanoid: 3.3.4
      picocolors: 1.0.0
      source-map-js: 1.0.2

  /resolve/1.22.1:
    resolution: {integrity: sha512-nBpuuYuY5jFsli/JIs1oldw6fOQCBioohqWZg/2hiaOybXOft4lonv85uDOKXdf8rhyK159cxU5cDcK/NKk8zw==}
    hasBin: true
    dependencies:
      is-core-module: 2.10.0
      path-parse: 1.0.7
      supports-preserve-symlinks-flag: 1.0.0
    dev: true

  /rollup/2.77.2:
    resolution: {integrity: sha512-m/4YzYgLcpMQbxX3NmAqDvwLATZzxt8bIegO78FZLl+lAgKJBd1DRAOeEiZcKOIOPjxE6ewHWHNgGEalFXuz1g==}
    engines: {node: '>=10.0.0'}
    hasBin: true
    optionalDependencies:
      fsevents: 2.3.2
    dev: true

  /semver/7.3.7:
    resolution: {integrity: sha512-QlYTucUYOews+WeEujDoEGziz4K6c47V/Bd+LjSSYcA94p+DmINdf7ncaUinThfvZyu13lN9OY1XDxt8C0Tw0g==}
    engines: {node: '>=10'}
    hasBin: true
    dependencies:
      lru-cache: 6.0.0
    dev: true

  /source-map-js/1.0.2:
    resolution: {integrity: sha512-R0XvVJ9WusLiqTCEiGCmICCMplcCkIwwR11mOSD9CR5u+IXYdiseeEuXCVAjS54zqwkLcPNnmU4OeJ6tUrWhDw==}
    engines: {node: '>=0.10.0'}

  /source-map/0.6.1:
    resolution: {integrity: sha512-UjgapumWlbMhkBgzT7Ykc5YXUT46F0iKu8SGXq0bcwP5dz/h0Plj6enJqjz1Zbq2l5WaqYnrVbwWOWMyF3F47g==}
    engines: {node: '>=0.10.0'}

  /sourcemap-codec/1.4.8:
    resolution: {integrity: sha512-9NykojV5Uih4lgo5So5dtw+f0JgJX30KCNI8gwhz2J9A15wD0Ml6tjHKwf6fTSa6fAdVBdZeNOs9eJ71qCk8vA==}

  /supports-preserve-symlinks-flag/1.0.0:
    resolution: {integrity: sha512-ot0WnXS9fgdkgIcePe6RHNk1WA8+muPa6cSjeR3V8K27q9BB1rTE3R1p7Hv0z1ZyAc8s6Vvv8DIyWf681MAt0w==}
    engines: {node: '>= 0.4'}
    dev: true

  /to-fast-properties/2.0.0:
    resolution: {integrity: sha512-/OaKK0xYrs3DmxRYqL/yDc+FxFUVYhDlXMhRmv3z915w2HF1tnN1omB354j8VUGO/hbRzyD6Y3sA7v7GS/ceog==}
    engines: {node: '>=4'}

  /tree-sitter-javascript/0.19.0:
    resolution: {integrity: sha512-SNykDdNgmlJZhX02ZIu0TQF9P7t847jV7769SxA9XrZ2QXjofQsVTMEi9+LpXZKsI0UoFYI25FnZm3fFm0z2yw==}
    requiresBuild: true
    dependencies:
      nan: 2.16.0
    dev: false

  /typescript/4.8.2:
    resolution: {integrity: sha512-C0I1UsrrDHo2fYI5oaCGbSejwX4ch+9Y5jTQELvovfmFkK3HHSZJB8MSJcWLmCUBzQBchCrZ9rMRV6GuNrvGtw==}
    engines: {node: '>=4.2.0'}
    hasBin: true
    dev: true

  /vite/3.0.9:
    resolution: {integrity: sha512-waYABTM+G6DBTCpYAxvevpG50UOlZuynR0ckTK5PawNVt7ebX6X7wNXHaGIO6wYYFXSM7/WcuFuO2QzhBB6aMw==}
    engines: {node: ^14.18.0 || >=16.0.0}
    hasBin: true
    peerDependencies:
      less: '*'
      sass: '*'
      stylus: '*'
      terser: ^5.4.0
    peerDependenciesMeta:
      less:
        optional: true
      sass:
        optional: true
      stylus:
        optional: true
      terser:
        optional: true
    dependencies:
      esbuild: 0.14.53
      postcss: 8.4.16
      resolve: 1.22.1
      rollup: 2.77.2
    optionalDependencies:
      fsevents: 2.3.2
    dev: true

  /vue-tsc/0.40.5_typescript@4.8.2:
    resolution: {integrity: sha512-rQPyyqrQiDzc8a3YpAYUb27VQbU+NDewOJ7GJBiEIEcaSugMjDc6dtJijTHK32t8IgGPl6ybsJ9LIU9sZvixLA==}
    hasBin: true
    peerDependencies:
      typescript: '*'
    dependencies:
      '@volar/vue-language-core': 0.40.5
      '@volar/vue-typescript': 0.40.5
      typescript: 4.8.2
    dev: true

  /vue/3.2.38:
    resolution: {integrity: sha512-hHrScEFSmDAWL0cwO4B6WO7D3sALZPbfuThDsGBebthrNlDxdJZpGR3WB87VbjpPh96mep1+KzukYEhpHDFa8Q==}
    dependencies:
      '@vue/compiler-dom': 3.2.38
      '@vue/compiler-sfc': 3.2.38
      '@vue/runtime-dom': 3.2.38
      '@vue/server-renderer': 3.2.38_vue@3.2.38
      '@vue/shared': 3.2.38

  /web-tree-sitter/0.20.5:
    resolution: {integrity: sha512-mpXlqIeEBE5Q71cnBnt8w6XKhIiKmllPECqsIFBtMvzcfCxA8+614iyMJXBCQo95Vs3y1zORLqiLJn25pYZ4Tw==}
    dev: false

  /yallist/4.0.0:
    resolution: {integrity: sha512-3wdGidZyq5PB084XLES5TpOSRA3wjXAlIWMhum2kRcv/41Sn2emQ0dycQW4uZXLejwKvg6EsvbdlVL+FYEct7A==}
    dev: true
