# THIS IS AN AUTOGENERATED FILE. DO NOT EDIT THIS FILE DIRECTLY.
# yarn lockfile v1


"@isaacs/cliui@^8.0.2":
  version "8.0.2"
  resolved "https://registry.npmjs.org/@isaacs/cliui/-/cliui-8.0.2.tgz"
  integrity sha512-O8jcjabXaleOG9DQ0+ARXWZBTfnP4WNAqzuiJK7ll44AmxGKv/J2M4TPjxjY3znBCfvBXFzucm1twdyFybFqEA==
  dependencies:
    string-width "^5.1.2"
    string-width-cjs "npm:string-width@^4.2.0"
    strip-ansi "^7.0.1"
    strip-ansi-cjs "npm:strip-ansi@^6.0.1"
    wrap-ansi "^8.1.0"
    wrap-ansi-cjs "npm:wrap-ansi@^7.0.0"

"@isaacs/fs-minipass@^4.0.0":
  version "4.0.1"
  resolved "https://registry.npmjs.org/@isaacs/fs-minipass/-/fs-minipass-4.0.1.tgz"
  integrity sha512-wgm9Ehl2jpeqP3zw/7mo3kRHFp5MEDhqAdwy1fTGkHAwnkGOVsgpvQhL8B5n1qlb01jV3n/bI0ZfZp5lWA1k4w==
  dependencies:
    minipass "^7.0.4"

"@mapbox/node-pre-gyp@^2.0.0":
  version "2.0.3"
  resolved "https://registry.npmjs.org/@mapbox/node-pre-gyp/-/node-pre-gyp-2.0.3.tgz"
  integrity sha512-uwPAhccfFJlsfCxMYTwOdVfOz3xqyj8xYL3zJj8f0pb30tLohnnFPhLuqp4/qoEz8sNxe4SESZedcBojRefIzg==
  dependencies:
    consola "^3.2.3"
    detect-libc "^2.0.0"
    https-proxy-agent "^7.0.5"
    node-fetch "^2.6.7"
    nopt "^8.0.0"
    semver "^7.5.3"
    tar "^7.4.0"

"@nodelib/fs.scandir@2.1.5":
  version "2.1.5"
  resolved "https://registry.npmjs.org/@nodelib/fs.scandir/-/fs.scandir-2.1.5.tgz"
  integrity sha512-vq24Bq3ym5HEQm2NKCr3yXDwjc7vTsEThRDnkp2DK9p1uqLR+DHurm/NOTo0KG7HYHU7eppKZj3MyqYuMBf62g==
  dependencies:
    "@nodelib/fs.stat" "2.0.5"
    run-parallel "^1.1.9"

"@nodelib/fs.stat@2.0.5", "@nodelib/fs.stat@^2.0.2":
  version "2.0.5"
  resolved "https://registry.npmjs.org/@nodelib/fs.stat/-/fs.stat-2.0.5.tgz"
  integrity sha512-RkhPPp2zrqDAQA/2jNhnztcPAlv64XdhIp7a7454A5ovI7Bukxgt7MX7udwAu3zg1DcpPU0rz3VV1SeaqvY4+A==

"@nodelib/fs.walk@^1.2.3":
  version "1.2.8"
  resolved "https://registry.npmjs.org/@nodelib/fs.walk/-/fs.walk-1.2.8.tgz"
  integrity sha512-oGB+UxlgWcgQkgwo8GcEGwemoTFt3FIO9ababBmaGwXIoBKZ+GTy0pP185beGg7Llih/NSHSV2XAs1lnznocSg==
  dependencies:
    "@nodelib/fs.scandir" "2.1.5"
    fastq "^1.6.0"

"@pkgjs/parseargs@^0.11.0":
  version "0.11.0"
  resolved "https://registry.npmjs.org/@pkgjs/parseargs/-/parseargs-0.11.0.tgz"
  integrity sha512-+1VkjdD0QBLPodGrJUeqarH8VAIvQODIbwh9XpP5Syisf7YoQgsJKPNFoqqLQlu+VQ/tVSshMR6loPMn8U+dPg==

"@rollup/pluginutils@^5.1.3":
  version "5.3.0"
  resolved "https://registry.npmjs.org/@rollup/pluginutils/-/pluginutils-5.3.0.tgz"
  integrity sha512-5EdhGZtnu3V88ces7s53hhfK5KSASnJZv8Lulpc04cWO3REESroJXg73DFsOmgbU2BhwV0E20bu2IDZb3VKW4Q==
  dependencies:
    "@types/estree" "^1.0.0"
    estree-walker "^2.0.2"
    picomatch "^4.0.2"

"@sindresorhus/merge-streams@^2.1.0":
  version "2.3.0"
  resolved "https://registry.npmjs.org/@sindresorhus/merge-streams/-/merge-streams-2.3.0.tgz"
  integrity sha512-LtoMMhxAlorcGhmFYI+LhPgbPZCkgP6ra1YL604EeF6U98pLlQ3iWIGMdWSC+vWmPBWBNgmDBAhnAobLROJmwg==

"@types/estree@^1.0.0":
  version "1.0.8"
  resolved "https://registry.npmjs.org/@types/estree/-/estree-1.0.8.tgz"
  integrity sha512-dWHzHa2WqEXI/O1E9OjrocMTKJl2mSrEolh1Iomrv6U+JuNwaHXsXx9bLu5gG7BUWFIN0skIQJQ/L1rIex4X6w==

"@vercel/nft@^0.29.4":
  version "0.29.4"
  resolved "https://registry.npmjs.org/@vercel/nft/-/nft-0.29.4.tgz"
  integrity sha512-6lLqMNX3TuycBPABycx7A9F1bHQR7kiQln6abjFbPrf5C/05qHM9M5E4PeTE59c7z8g6vHnx1Ioihb2AQl7BTA==
  dependencies:
    "@mapbox/node-pre-gyp" "^2.0.0"
    "@rollup/pluginutils" "^5.1.3"
    acorn "^8.6.0"
    acorn-import-attributes "^1.9.5"
    async-sema "^3.1.1"
    bindings "^1.4.0"
    estree-walker "2.0.2"
    glob "^10.4.5"
    graceful-fs "^4.2.9"
    node-gyp-build "^4.2.2"
    picomatch "^4.0.2"
    resolve-from "^5.0.0"

abbrev@^3.0.0:
  version "3.0.1"
  resolved "https://registry.npmjs.org/abbrev/-/abbrev-3.0.1.tgz"
  integrity sha512-AO2ac6pjRB3SJmGJo+v5/aK6Omggp6fsLrs6wN9bd35ulu4cCwaAU9+7ZhXjeqHVkaHThLuzH0nZr0YpCDhygg==

acorn-import-attributes@^1.9.5:
  version "1.9.5"
  resolved "https://registry.npmjs.org/acorn-import-attributes/-/acorn-import-attributes-1.9.5.tgz"
  integrity sha512-n02Vykv5uA3eHGM/Z2dQrcD56kL8TyDb2p1+0P83PClMnC/nc+anbQRhIOWnSq4Ke/KvDPrY3C9hDtC/A3eHnQ==

acorn-walk@^8.3.4:
  version "8.3.4"
  resolved "https://registry.npmjs.org/acorn-walk/-/acorn-walk-8.3.4.tgz"
  integrity sha512-ueEepnujpqee2o5aIYnvHU6C0A42MNdsIDeqy5BydrkuC5R1ZuUFnm27EeFJGoEHJQgn3uleRvmTXaJgfXbt4g==
  dependencies:
    acorn "^8.11.0"

acorn@^8.11.0, acorn@^8.15.0, acorn@^8.6.0:
  version "8.15.0"
  resolved "https://registry.npmjs.org/acorn/-/acorn-8.15.0.tgz"
  integrity sha512-NZyJarBfL7nWwIq+FDL6Zp/yHEhePMNnnJ0y3qfieCrmNvYct8uvtiV41UvlSe6apAfk0fY1FbWx+NwfmpvtTg==

agent-base@^7.1.2:
  version "7.1.4"
  resolved "https://registry.npmjs.org/agent-base/-/agent-base-7.1.4.tgz"
  integrity sha512-MnA+YT8fwfJPgBx3m60MNqakm30XOkyIoH1y6huTQvC0PwZG7ki8NacLBcrPbNoo8vEZy7Jpuk7+jMO+CUovTQ==

ansi-regex@^5.0.1:
  version "5.0.1"
  resolved "https://registry.npmjs.org/ansi-regex/-/ansi-regex-5.0.1.tgz"
  integrity sha512-quJQXlTSUGL2LH9SUXo8VwsY4soanhgo6LNSm84E1LBcE8s3O0wpdiRzyR9z/ZZJMlMWv37qOOb9pdJlMUEKFQ==

ansi-regex@^6.0.1:
  version "6.2.2"
  resolved "https://registry.npmjs.org/ansi-regex/-/ansi-regex-6.2.2.tgz"
  integrity sha512-Bq3SmSpyFHaWjPk8If9yc6svM8c56dB5BAtW4Qbw5jHTwwXXcTLoRMkpDJp6VL0XzlWaCHTXrkFURMYmD0sLqg==

ansi-styles@^4.0.0:
  version "4.3.0"
  resolved "https://registry.npmjs.org/ansi-styles/-/ansi-styles-4.3.0.tgz"
  integrity sha512-zbB9rCJAT1rbjiVDb2hqKFHNYLxgtk8NURxZ3IZwD3F6NtxbXZQCnnSi1Lkx+IDohdPlFp222wVALIheZJQSEg==
  dependencies:
    color-convert "^2.0.1"

ansi-styles@^6.0.0, ansi-styles@^6.1.0, ansi-styles@^6.2.1:
  version "6.2.3"
  resolved "https://registry.npmjs.org/ansi-styles/-/ansi-styles-6.2.3.tgz"
  integrity sha512-4Dj6M28JB+oAH8kFkTLUo+a2jwOFkuqb3yucU0CANcRRUbxS0cP0nZYCGjcc3BNXwRIsUVmDGgzawme7zvJHvg==

argparse@^1.0.7:
  version "1.0.10"
  resolved "https://registry.npmjs.org/argparse/-/argparse-1.0.10.tgz"
  integrity sha512-o5Roy6tNG4SL/FOkCAN6RzjiakZS25RLYFrcMttJqbdd8BWrnA+fGz57iN5Pb06pvBGvl5gQ0B48dJlslXvoTg==
  dependencies:
    sprintf-js "~1.0.2"

array-find-index@^1.0.1:
  version "1.0.2"
  resolved "https://registry.npmjs.org/array-find-index/-/array-find-index-1.0.2.tgz"
  integrity sha512-M1HQyIXcBGtVywBt8WVdim+lrNaK7VHp99Qt5pSNziXznKHViIBbXWtfRTpEFpF/c4FdfxNAsCCwPp5phBYJtw==

arrgv@^1.0.2:
  version "1.0.2"
  resolved "https://registry.npmjs.org/arrgv/-/arrgv-1.0.2.tgz"
  integrity sha512-a4eg4yhp7mmruZDQFqVMlxNRFGi/i1r87pt8SDHy0/I8PqSXoUTlWZRdAZo0VXgvEARcujbtTk8kiZRi1uDGRw==

arrify@^3.0.0:
  version "3.0.0"
  resolved "https://registry.npmjs.org/arrify/-/arrify-3.0.0.tgz"
  integrity sha512-tLkvA81vQG/XqE2mjDkGQHoOINtMHtysSnemrmoGe6PydDPMRbVugqyk4A6V/WDWEfm3l+0d8anA9r8cv/5Jaw==

async-sema@^3.1.1:
  version "3.1.1"
  resolved "https://registry.npmjs.org/async-sema/-/async-sema-3.1.1.tgz"
  integrity sha512-tLRNUXati5MFePdAk8dw7Qt7DpxPB60ofAgn8WRhW6a2rcimZnYBP9oxHiv0OHy+Wz7kPMG+t4LGdt31+4EmGg==

ava@^6.0.0:
  version "6.4.1"
  resolved "https://registry.npmjs.org/ava/-/ava-6.4.1.tgz"
  integrity sha512-vxmPbi1gZx9zhAjHBgw81w/iEDKcrokeRk/fqDTyA2DQygZ0o+dUGRHFOtX8RA5N0heGJTTsIk7+xYxitDb61Q==
  dependencies:
    "@vercel/nft" "^0.29.4"
    acorn "^8.15.0"
    acorn-walk "^8.3.4"
    ansi-styles "^6.2.1"
    arrgv "^1.0.2"
    arrify "^3.0.0"
    callsites "^4.2.0"
    cbor "^10.0.9"
    chalk "^5.4.1"
    chunkd "^2.0.1"
    ci-info "^4.3.0"
    ci-parallel-vars "^1.0.1"
    cli-truncate "^4.0.0"
    code-excerpt "^4.0.0"
    common-path-prefix "^3.0.0"
    concordance "^5.0.4"
    currently-unhandled "^0.4.1"
    debug "^4.4.1"
    emittery "^1.2.0"
    figures "^6.1.0"
    globby "^14.1.0"
    ignore-by-default "^2.1.0"
    indent-string "^5.0.0"
    is-plain-object "^5.0.0"
    is-promise "^4.0.0"
    matcher "^5.0.0"
    memoize "^10.1.0"
    ms "^2.1.3"
    p-map "^7.0.3"
    package-config "^5.0.0"
    picomatch "^4.0.2"
    plur "^5.1.0"
    pretty-ms "^9.2.0"
    resolve-cwd "^3.0.0"
    stack-utils "^2.0.6"
    strip-ansi "^7.1.0"
    supertap "^3.0.1"
    temp-dir "^3.0.0"
    write-file-atomic "^6.0.0"
    yargs "^17.7.2"

balanced-match@^1.0.0:
  version "1.0.2"
  resolved "https://registry.npmjs.org/balanced-match/-/balanced-match-1.0.2.tgz"
  integrity sha512-3oSeUO0TMV67hN1AmbXsK4yaqU7tjiHlbxRDZOpH0KW9+CeX4bRAaX0Anxt0tx2MrpRpWwQaPwIlISEJhYU5Pw==

bindings@^1.4.0:
  version "1.5.0"
  resolved "https://registry.npmjs.org/bindings/-/bindings-1.5.0.tgz"
  integrity sha512-p2q/t/mhvuOj/UeLlV6566GD/guowlr0hHxClI0W9m7MWYkL1F0hLo+0Aexs9HSPCtR1SXQ0TD3MMKrXZajbiQ==
  dependencies:
    file-uri-to-path "1.0.0"

blueimp-md5@^2.10.0:
  version "2.19.0"
  resolved "https://registry.npmjs.org/blueimp-md5/-/blueimp-md5-2.19.0.tgz"
  integrity sha512-DRQrD6gJyy8FbiE4s+bDoXS9hiW3Vbx5uCdwvcCf3zLHL+Iv7LtGHLpr+GZV8rHG8tK766FGYBwRbu8pELTt+w==

brace-expansion@^2.0.1:
  version "2.0.2"
  resolved "https://registry.npmjs.org/brace-expansion/-/brace-expansion-2.0.2.tgz"
  integrity sha512-Jt0vHyM+jmUBqojB7E1NIYadt0vI0Qxjxd2TErW94wDz+E2LAm5vKMXXwg6ZZBTHPuUlDgQHKXvjGBdfcF1ZDQ==
  dependencies:
    balanced-match "^1.0.0"

braces@^3.0.3:
  version "3.0.3"
  resolved "https://registry.npmjs.org/braces/-/braces-3.0.3.tgz"
  integrity sha512-yQbXgO/OSZVD2IsiLlro+7Hf6Q18EJrKSEsdoMzKePKXct3gvD8oLcOQdIzGupr5Fj+EDe8gO/lxc1BzfMpxvA==
  dependencies:
    fill-range "^7.1.1"

callsites@^4.2.0:
  version "4.2.0"
  resolved "https://registry.npmjs.org/callsites/-/callsites-4.2.0.tgz"
  integrity sha512-kfzR4zzQtAE9PC7CzZsjl3aBNbXWuXiSeOCdLcPpBfGW8YuCqQHcRPFDbr/BPVmd3EEPVpuFzLyuT/cUhPr4OQ==

cbor@^10.0.9:
  version "10.0.11"
  resolved "https://registry.npmjs.org/cbor/-/cbor-10.0.11.tgz"
  integrity sha512-vIwORDd/WyB8Nc23o2zNN5RrtFGlR6Fca61TtjkUXueI3Jf2DOZDl1zsshvBntZ3wZHBM9ztjnkXSmzQDaq3WA==
  dependencies:
    nofilter "^3.0.2"

chalk@^5.4.1:
  version "5.6.2"
  resolved "https://registry.npmjs.org/chalk/-/chalk-5.6.2.tgz"
  integrity sha512-7NzBL0rN6fMUW+f7A6Io4h40qQlG+xGmtMxfbnH/K7TAtt8JQWVQK+6g0UXKMeVJoyV5EkkNsErQ8pVD3bLHbA==

chownr@^3.0.0:
  version "3.0.0"
  resolved "https://registry.npmjs.org/chownr/-/chownr-3.0.0.tgz"
  integrity sha512-+IxzY9BZOQd/XuYPRmrvEVjF/nqj5kgT4kEq7VofrDoM1MxoRjEWkrCC3EtLi59TVawxTAn+orJwFQcrqEN1+g==

chunkd@^2.0.1:
  version "2.0.1"
  resolved "https://registry.npmjs.org/chunkd/-/chunkd-2.0.1.tgz"
  integrity sha512-7d58XsFmOq0j6el67Ug9mHf9ELUXsQXYJBkyxhH/k+6Ke0qXRnv0kbemx+Twc6fRJ07C49lcbdgm9FL1Ei/6SQ==

ci-info@^4.3.0:
  version "4.4.0"
  resolved "https://registry.npmjs.org/ci-info/-/ci-info-4.4.0.tgz"
  integrity sha512-77PSwercCZU2Fc4sX94eF8k8Pxte6JAwL4/ICZLFjJLqegs7kCuAsqqj/70NQF6TvDpgFjkubQB2FW2ZZddvQg==

ci-parallel-vars@^1.0.1:
  version "1.0.1"
  resolved "https://registry.npmjs.org/ci-parallel-vars/-/ci-parallel-vars-1.0.1.tgz"
  integrity sha512-uvzpYrpmidaoxvIQHM+rKSrigjOe9feHYbw4uOI2gdfe1C3xIlxO+kVXq83WQWNniTf8bAxVpy+cQeFQsMERKg==

cli-truncate@^4.0.0:
  version "4.0.0"
  resolved "https://registry.npmjs.org/cli-truncate/-/cli-truncate-4.0.0.tgz"
  integrity sha512-nPdaFdQ0h/GEigbPClz11D0v/ZJEwxmeVZGeMo3Z5StPtUTkA9o1lD6QwoirYiSDzbcwn2XcjwmCp68W1IS4TA==
  dependencies:
    slice-ansi "^5.0.0"
    string-width "^7.0.0"

cliui@^8.0.1:
  version "8.0.1"
  resolved "https://registry.npmjs.org/cliui/-/cliui-8.0.1.tgz"
  integrity sha512-BSeNnyus75C4//NQ9gQt1/csTXyo/8Sb+afLAkzAptFuMsod9HFokGNudZpi/oQV73hnVK+sR+5PVRMd+Dr7YQ==
  dependencies:
    string-width "^4.2.0"
    strip-ansi "^6.0.1"
    wrap-ansi "^7.0.0"

code-excerpt@^4.0.0:
  version "4.0.0"
  resolved "https://registry.npmjs.org/code-excerpt/-/code-excerpt-4.0.0.tgz"
  integrity sha512-xxodCmBen3iy2i0WtAK8FlFNrRzjUqjRsMfho58xT/wvZU1YTM3fCnRjcy1gJPMepaRlgm/0e6w8SpWHpn3/cA==
  dependencies:
    convert-to-spaces "^2.0.1"

color-convert@^2.0.1:
  version "2.0.1"
  resolved "https://registry.npmjs.org/color-convert/-/color-convert-2.0.1.tgz"
  integrity sha512-RRECPsj7iu/xb5oKYcsFHSppFNnsj/52OVTRKb4zP5onXwVF3zVmmToNcOfGC+CRDpfK/U584fMg38ZHCaElKQ==
  dependencies:
    color-name "~1.1.4"

color-name@~1.1.4:
  version "1.1.4"
  resolved "https://registry.npmjs.org/color-name/-/color-name-1.1.4.tgz"
  integrity sha512-dOy+3AuW3a2wNbZHIuMZpTcgjGuLU/uBL/ubcZF9OXbDo8ff4O8yVp5Bf0efS8uEoYo5q4Fx7dY9OgQGXgAsQA==

common-path-prefix@^3.0.0:
  version "3.0.0"
  resolved "https://registry.npmjs.org/common-path-prefix/-/common-path-prefix-3.0.0.tgz"
  integrity sha512-QE33hToZseCH3jS0qN96O/bSh3kaw/h+Tq7ngyY9eWDUnTlTNUyqfqvCXioLe5Na5jFsL78ra/wuBU4iuEgd4w==

concordance@^5.0.4:
  version "5.0.4"
  resolved "https://registry.npmjs.org/concordance/-/concordance-5.0.4.tgz"
  integrity sha512-OAcsnTEYu1ARJqWVGwf4zh4JDfHZEaSNlNccFmt8YjB2l/n19/PF2viLINHc57vO4FKIAFl2FWASIGZZWZ2Kxw==
  dependencies:
    date-time "^3.1.0"
    esutils "^2.0.3"
    fast-diff "^1.2.0"
    js-string-escape "^1.0.1"
    lodash "^4.17.15"
    md5-hex "^3.0.1"
    semver "^7.3.2"
    well-known-symbols "^2.0.0"

consola@^3.2.3:
  version "3.4.2"
  resolved "https://registry.npmjs.org/consola/-/consola-3.4.2.tgz"
  integrity sha512-5IKcdX0nnYavi6G7TtOhwkYzyjfJlatbjMjuLSfE2kYT5pMDOilZ4OvMhi637CcDICTmz3wARPoyhqyX1Y+XvA==

convert-to-spaces@^2.0.1:
  version "2.0.1"
  resolved "https://registry.npmjs.org/convert-to-spaces/-/convert-to-spaces-2.0.1.tgz"
  integrity sha512-rcQ1bsQO9799wq24uE5AM2tAILy4gXGIK/njFWcVQkGNZ96edlpY+A7bjwvzjYvLDyzmG1MmMLZhpcsb+klNMQ==

cross-spawn@^7.0.6:
  version "7.0.6"
  resolved "https://registry.npmjs.org/cross-spawn/-/cross-spawn-7.0.6.tgz"
  integrity sha512-uV2QOWP2nWzsy2aMp8aRibhi9dlzF5Hgh5SHaB9OiTGEyDTiJJyx0uy51QXdyWbtAHNua4XJzUKca3OzKUd3vA==
  dependencies:
    path-key "^3.1.0"
    shebang-command "^2.0.0"
    which "^2.0.1"

currently-unhandled@^0.4.1:
  version "0.4.1"
  resolved "https://registry.npmjs.org/currently-unhandled/-/currently-unhandled-0.4.1.tgz"
  integrity sha512-/fITjgjGU50vjQ4FH6eUoYu+iUoUKIXws2hL15JJpIR+BbTxaXQsMuuyjtNh2WqsSBS5nsaZHFsFecyw5CCAng==
  dependencies:
    array-find-index "^1.0.1"

date-time@^3.1.0:
  version "3.1.0"
  resolved "https://registry.npmjs.org/date-time/-/date-time-3.1.0.tgz"
  integrity sha512-uqCUKXE5q1PNBXjPqvwhwJf9SwMoAHBgWJ6DcrnS5o+W2JOiIILl0JEdVD8SGujrNS02GGxgwAg2PN2zONgtjg==
  dependencies:
    time-zone "^1.0.0"

debug@4, debug@^4.4.1:
  version "4.4.3"
  resolved "https://registry.npmjs.org/debug/-/debug-4.4.3.tgz"
  integrity sha512-RGwwWnwQvkVfavKVt22FGLw+xYSdzARwm0ru6DhTVA3umU5hZc28V3kO4stgYryrTlLpuvgI9GiijltAjNbcqA==
  dependencies:
    ms "^2.1.3"

detect-libc@^2.0.0:
  version "2.1.2"
  resolved "https://registry.npmjs.org/detect-libc/-/detect-libc-2.1.2.tgz"
  integrity sha512-Btj2BOOO83o3WyH59e8MgXsxEQVcarkUOpEYrubB0urwnN10yQ364rsiByU11nZlqWYZm05i/of7io4mzihBtQ==

eastasianwidth@^0.2.0:
  version "0.2.0"
  resolved "https://registry.npmjs.org/eastasianwidth/-/eastasianwidth-0.2.0.tgz"
  integrity sha512-I88TYZWc9XiYHRQ4/3c5rjjfgkjhLyW2luGIheGERbNQ6OY7yTybanSpDXZa8y7VUP9YmDcYa+eyq4ca7iLqWA==

emittery@^1.2.0:
  version "1.2.0"
  resolved "https://registry.npmjs.org/emittery/-/emittery-1.2.0.tgz"
  integrity sha512-KxdRyyFcS85pH3dnU8Y5yFUm2YJdaHwcBZWrfG8o89ZY9a13/f9itbN+YG3ELbBo9Pg5zvIozstmuV8bX13q6g==

emoji-regex@^10.3.0:
  version "10.6.0"
  resolved "https://registry.npmjs.org/emoji-regex/-/emoji-regex-10.6.0.tgz"
  integrity sha512-toUI84YS5YmxW219erniWD0CIVOo46xGKColeNQRgOzDorgBi1v4D71/OFzgD9GO2UGKIv1C3Sp8DAn0+j5w7A==

emoji-regex@^8.0.0:
  version "8.0.0"
  resolved "https://registry.npmjs.org/emoji-regex/-/emoji-regex-8.0.0.tgz"
  integrity sha512-MSjYzcWNOA0ewAHpz0MxpYFvwg6yjy1NG3xteoqz644VCo/RPgnr1/GGt+ic3iJTzQ8Eu3TdM14SawnVUmGE6A==

emoji-regex@^9.2.2:
  version "9.2.2"
  resolved "https://registry.npmjs.org/emoji-regex/-/emoji-regex-9.2.2.tgz"
  integrity sha512-L18DaJsXSUk2+42pv8mLs5jJT2hqFkFE4j21wOmgbUqsZ2hL72NsUU785g9RXgo3s0ZNgVl42TiHp3ZtOv/Vyg==

escalade@^3.1.1:
  version "3.2.0"
  resolved "https://registry.npmjs.org/escalade/-/escalade-3.2.0.tgz"
  integrity sha512-WUj2qlxaQtO4g6Pq5c29GTcWGDyd8itL8zTlipgECz3JesAiiOKotd8JU6otB3PACgG6xkJUyVhboMS+bje/jA==

escape-string-regexp@^2.0.0:
  version "2.0.0"
  resolved "https://registry.npmjs.org/escape-string-regexp/-/escape-string-regexp-2.0.0.tgz"
  integrity sha512-UpzcLCXolUWcNu5HtVMHYdXJjArjsF9C0aNnquZYY4uW/Vu0miy5YoWvbV345HauVvcAUnpRuhMMcqTcGOY2+w==

escape-string-regexp@^5.0.0:
  version "5.0.0"
  resolved "https://registry.npmjs.org/escape-string-regexp/-/escape-string-regexp-5.0.0.tgz"
  integrity sha512-/veY75JbMK4j1yjvuUxuVsiS/hr/4iHs9FTT6cgTexxdE0Ly/glccBAkloH/DofkjRbZU3bnoj38mOmhkZ0lHw==

esprima@^4.0.0:
  version "4.0.1"
  resolved "https://registry.npmjs.org/esprima/-/esprima-4.0.1.tgz"
  integrity sha512-eGuFFw7Upda+g4p+QHvnW0RyTX/SVeJBDM/gCtMARO0cLuT2HcEKnTPvhjV6aGeqrCB/sbNop0Kszm0jsaWU4A==

estree-walker@2.0.2, estree-walker@^2.0.2:
  version "2.0.2"
  resolved "https://registry.npmjs.org/estree-walker/-/estree-walker-2.0.2.tgz"
  integrity sha512-Rfkk/Mp/DL7JVje3u18FxFujQlTNR2q6QfMSMB7AvCBx91NGj/ba3kCfza0f6dVDbw7YlRf/nDrn7pQrCCyQ/w==

esutils@^2.0.3:
  version "2.0.3"
  resolved "https://registry.npmjs.org/esutils/-/esutils-2.0.3.tgz"
  integrity sha512-kVscqXk4OCp68SZ0dkgEKVi6/8ij300KBWTJq32P/dYeWTSwK41WyTxalN1eRmA5Z9UU/LX9D7FWSmV9SAYx6g==

fast-diff@^1.2.0:
  version "1.3.0"
  resolved "https://registry.npmjs.org/fast-diff/-/fast-diff-1.3.0.tgz"
  integrity sha512-VxPP4NqbUjj6MaAOafWeUn2cXWLcCtljklUtZf0Ind4XQ+QPtmA0b18zZy0jIQx+ExRVCR/ZQpBmik5lXshNsw==

fast-glob@^3.3.3:
  version "3.3.3"
  resolved "https://registry.npmjs.org/fast-glob/-/fast-glob-3.3.3.tgz"
  integrity sha512-7MptL8U0cqcFdzIzwOTHoilX9x5BrNqye7Z/LuC7kCMRio1EMSyqRK3BEAUD7sXRq4iT4AzTVuZdhgQ2TCvYLg==
  dependencies:
    "@nodelib/fs.stat" "^2.0.2"
    "@nodelib/fs.walk" "^1.2.3"
    glob-parent "^5.1.2"
    merge2 "^1.3.0"
    micromatch "^4.0.8"

fastq@^1.6.0:
  version "1.20.1"
  resolved "https://registry.npmjs.org/fastq/-/fastq-1.20.1.tgz"
  integrity sha512-GGToxJ/w1x32s/D2EKND7kTil4n8OVk/9mycTc4VDza13lOvpUZTGX3mFSCtV9ksdGBVzvsyAVLM6mHFThxXxw==
  dependencies:
    reusify "^1.0.4"

figures@^6.1.0:
  version "6.1.0"
  resolved "https://registry.npmjs.org/figures/-/figures-6.1.0.tgz"
  integrity sha512-d+l3qxjSesT4V7v2fh+QnmFnUWv9lSpjarhShNTgBOfA0ttejbQUAlHLitbjkoRiDulW0OPoQPYIGhIC8ohejg==
  dependencies:
    is-unicode-supported "^2.0.0"

file-uri-to-path@1.0.0:
  version "1.0.0"
  resolved "https://registry.npmjs.org/file-uri-to-path/-/file-uri-to-path-1.0.0.tgz"
  integrity sha512-0Zt+s3L7Vf1biwWZ29aARiVYLx7iMGnEUl9x33fbB/j3jR81u/O2LbqK+Bm1CDSNDKVtJ/YjwY7TUd5SkeLQLw==

fill-range@^7.1.1:
  version "7.1.1"
  resolved "https://registry.npmjs.org/fill-range/-/fill-range-7.1.1.tgz"
  integrity sha512-YsGpe3WHLK8ZYi4tWDg2Jy3ebRz2rXowDxnld4bkQB00cc/1Zw9AWnC0i9ztDJitivtQvaI9KaLyKrc+hBW0yg==
  dependencies:
    to-regex-range "^5.0.1"

find-up-simple@^1.0.0:
  version "1.0.1"
  resolved "https://registry.npmjs.org/find-up-simple/-/find-up-simple-1.0.1.tgz"
  integrity sha512-afd4O7zpqHeRyg4PfDQsXmlDe2PfdHtJt6Akt8jOWaApLOZk5JXs6VMR29lz03pRe9mpykrRCYIYxaJYcfpncQ==

foreground-child@^3.1.0:
  version "3.3.1"
  resolved "https://registry.npmjs.org/foreground-child/-/foreground-child-3.3.1.tgz"
  integrity sha512-gIXjKqtFuWEgzFRJA9WCQeSJLZDjgJUOMCMzxtvFq/37KojM1BFGufqsCy0r4qSQmYLsZYMeyRqzIWOMup03sw==
  dependencies:
    cross-spawn "^7.0.6"
    signal-exit "^4.0.1"

get-caller-file@^2.0.5:
  version "2.0.5"
  resolved "https://registry.npmjs.org/get-caller-file/-/get-caller-file-2.0.5.tgz"
  integrity sha512-DyFP3BM/3YHTQOCUL/w0OZHR0lpKeGrxotcHWcqNEdnltqFwXVfhEBQ94eIo34AfQpo0rGki4cyIiftY06h2Fg==

get-east-asian-width@^1.0.0:
  version "1.4.0"
  resolved "https://registry.npmjs.org/get-east-asian-width/-/get-east-asian-width-1.4.0.tgz"
  integrity sha512-QZjmEOC+IT1uk6Rx0sX22V6uHWVwbdbxf1faPqJ1QhLdGgsRGCZoyaQBm/piRdJy/D2um6hM1UP7ZEeQ4EkP+Q==

glob-parent@^5.1.2:
  version "5.1.2"
  resolved "https://registry.npmjs.org/glob-parent/-/glob-parent-5.1.2.tgz"
  integrity sha512-AOIgSQCepiJYwP3ARnGx+5VnTu2HBYdzbGP45eLw1vr3zB3vZLeyed1sC9hnbcOc9/SrMyM5RPQrkGz4aS9Zow==
  dependencies:
    is-glob "^4.0.1"

glob@^10.4.5:
  version "10.5.0"
  resolved "https://registry.npmjs.org/glob/-/glob-10.5.0.tgz"
  integrity sha512-DfXN8DfhJ7NH3Oe7cFmu3NCu1wKbkReJ8TorzSAFbSKrlNaQSKfIzqYqVY8zlbs2NLBbWpRiU52GX2PbaBVNkg==
  dependencies:
    foreground-child "^3.1.0"
    jackspeak "^3.1.2"
    minimatch "^9.0.4"
    minipass "^7.1.2"
    package-json-from-dist "^1.0.0"
    path-scurry "^1.11.1"

globby@^14.1.0:
  version "14.1.0"
  resolved "https://registry.npmjs.org/globby/-/globby-14.1.0.tgz"
  integrity sha512-0Ia46fDOaT7k4og1PDW4YbodWWr3scS2vAr2lTbsplOt2WkKp0vQbkI9wKis/T5LV/dqPjO3bpS/z6GTJB82LA==
  dependencies:
    "@sindresorhus/merge-streams" "^2.1.0"
    fast-glob "^3.3.3"
    ignore "^7.0.3"
    path-type "^6.0.0"
    slash "^5.1.0"
    unicorn-magic "^0.3.0"

graceful-fs@^4.2.9:
  version "4.2.11"
  resolved "https://registry.npmjs.org/graceful-fs/-/graceful-fs-4.2.11.tgz"
  integrity sha512-RbJ5/jmFcNNCcDV5o9eTnBLJ/HszWV0P73bc+Ff4nS/rJj+YaS6IGyiOL0VoBYX+l1Wrl3k63h/KrH+nhJ0XvQ==

https-proxy-agent@^7.0.5:
  version "7.0.6"
  resolved "https://registry.npmjs.org/https-proxy-agent/-/https-proxy-agent-7.0.6.tgz"
  integrity sha512-vK9P5/iUfdl95AI+JVyUuIcVtd4ofvtrOr3HNtM2yxC9bnMbEdp3x01OhQNnjb8IJYi38VlTE3mBXwcfvywuSw==
  dependencies:
    agent-base "^7.1.2"
    debug "4"

ignore-by-default@^2.1.0:
  version "2.1.0"
  resolved "https://registry.npmjs.org/ignore-by-default/-/ignore-by-default-2.1.0.tgz"
  integrity sha512-yiWd4GVmJp0Q6ghmM2B/V3oZGRmjrKLXvHR3TE1nfoXsmoggllfZUQe74EN0fJdPFZu2NIvNdrMMLm3OsV7Ohw==

ignore@^7.0.3:
  version "7.0.5"
  resolved "https://registry.npmjs.org/ignore/-/ignore-7.0.5.tgz"
  integrity sha512-Hs59xBNfUIunMFgWAbGX5cq6893IbWg4KnrjbYwX3tx0ztorVgTDA6B2sxf8ejHJ4wz8BqGUMYlnzNBer5NvGg==

imurmurhash@^0.1.4:
  version "0.1.4"
  resolved "https://registry.npmjs.org/imurmurhash/-/imurmurhash-0.1.4.tgz"
  integrity sha512-JmXMZ6wuvDmLiHEml9ykzqO6lwFbof0GG4IkcGaENdCRDDmMVnny7s5HsIgHCbaq0w2MyPhDqkhTUgS2LU2PHA==

indent-string@^5.0.0:
  version "5.0.0"
  resolved "https://registry.npmjs.org/indent-string/-/indent-string-5.0.0.tgz"
  integrity sha512-m6FAo/spmsW2Ab2fU35JTYwtOKa2yAwXSwgjSv1TJzh4Mh7mC3lzAOVLBprb72XsTrgkEIsl7YrFNAiDiRhIGg==

irregular-plurals@^3.3.0:
  version "3.5.0"
  resolved "https://registry.npmjs.org/irregular-plurals/-/irregular-plurals-3.5.0.tgz"
  integrity sha512-1ANGLZ+Nkv1ptFb2pa8oG8Lem4krflKuX/gINiHJHjJUKaJHk/SXk5x6K3J+39/p0h1RQ2saROclJJ+QLvETCQ==

is-extglob@^2.1.1:
  version "2.1.1"
  resolved "https://registry.npmjs.org/is-extglob/-/is-extglob-2.1.1.tgz"
  integrity sha512-SbKbANkN603Vi4jEZv49LeVJMn4yGwsbzZworEoyEiutsN3nJYdbO36zfhGJ6QEDpOZIFkDtnq5JRxmvl3jsoQ==

is-fullwidth-code-point@^3.0.0:
  version "3.0.0"
  resolved "https://registry.npmjs.org/is-fullwidth-code-point/-/is-fullwidth-code-point-3.0.0.tgz"
  integrity sha512-zymm5+u+sCsSWyD9qNaejV3DFvhCKclKdizYaJUuHA83RLjb7nSuGnddCHGv0hk+KY7BMAlsWeK4Ueg6EV6XQg==

is-fullwidth-code-point@^4.0.0:
  version "4.0.0"
  resolved "https://registry.npmjs.org/is-fullwidth-code-point/-/is-fullwidth-code-point-4.0.0.tgz"
  integrity sha512-O4L094N2/dZ7xqVdrXhh9r1KODPJpFms8B5sGdJLPy664AgvXsreZUyCQQNItZRDlYug4xStLjNp/sz3HvBowQ==

is-glob@^4.0.1:
  version "4.0.3"
  resolved "https://registry.npmjs.org/is-glob/-/is-glob-4.0.3.tgz"
  integrity sha512-xelSayHH36ZgE7ZWhli7pW34hNbNl8Ojv5KVmkJD4hBdD3th8Tfk9vYasLM+mXWOZhFkgZfxhLSnrwRr4elSSg==
  dependencies:
    is-extglob "^2.1.1"

is-number@^7.0.0:
  version "7.0.0"
  resolved "https://registry.npmjs.org/is-number/-/is-number-7.0.0.tgz"
  integrity sha512-41Cifkg6e8TylSpdtTpeLVMqvSBEVzTttHvERD741+pnZ8ANv0004MRL43QKPDlK9cGvNp6NZWZUBlbGXYxxng==

is-plain-object@^5.0.0:
  version "5.0.0"
  resolved "https://registry.npmjs.org/is-plain-object/-/is-plain-object-5.0.0.tgz"
  integrity sha512-VRSzKkbMm5jMDoKLbltAkFQ5Qr7VDiTFGXxYFXXowVj387GeGNOCsOH6Msy00SGZ3Fp84b1Naa1psqgcCIEP5Q==

is-promise@^4.0.0:
  version "4.0.0"
  resolved "https://registry.npmjs.org/is-promise/-/is-promise-4.0.0.tgz"
  integrity sha512-hvpoI6korhJMnej285dSg6nu1+e6uxs7zG3BYAm5byqDsgJNWwxzM6z6iZiAgQR4TJ30JmBTOwqZUw3WlyH3AQ==

is-unicode-supported@^2.0.0:
  version "2.1.0"
  resolved "https://registry.npmjs.org/is-unicode-supported/-/is-unicode-supported-2.1.0.tgz"
  integrity sha512-mE00Gnza5EEB3Ds0HfMyllZzbBrmLOX3vfWoj9A9PEnTfratQ/BcaJOuMhnkhjXvb2+FkY3VuHqtAGpTPmglFQ==

isexe@^2.0.0:
  version "2.0.0"
  resolved "https://registry.npmjs.org/isexe/-/isexe-2.0.0.tgz"
  integrity sha512-RHxMLp9lnKHGHRng9QFhRCMbYAcVpn69smSGcq3f36xjgVVWThj4qqLbTLlq7Ssj8B+fIQ1EuCEGI2lKsyQeIw==

jackspeak@^3.1.2:
  version "3.4.3"
  resolved "https://registry.npmjs.org/jackspeak/-/jackspeak-3.4.3.tgz"
  integrity sha512-OGlZQpz2yfahA/Rd1Y8Cd9SIEsqvXkLVoSw/cgwhnhFMDbsQFeZYoJJ7bIZBS9BcamUW96asq/npPWugM+RQBw==
  dependencies:
    "@isaacs/cliui" "^8.0.2"
  optionalDependencies:
    "@pkgjs/parseargs" "^0.11.0"

js-string-escape@^1.0.1:
  version "1.0.1"
  resolved "https://registry.npmjs.org/js-string-escape/-/js-string-escape-1.0.1.tgz"
  integrity sha512-Smw4xcfIQ5LVjAOuJCvN/zIodzA/BBSsluuoSykP+lUvScIi4U6RJLfwHet5cxFnCswUjISV8oAXaqaJDY3chg==

js-yaml@^3.14.1:
  version "3.14.2"
  resolved "https://registry.npmjs.org/js-yaml/-/js-yaml-3.14.2.tgz"
  integrity sha512-PMSmkqxr106Xa156c2M265Z+FTrPl+oxd/rgOQy2tijQeK5TxQ43psO1ZCwhVOSdnn+RzkzlRz/eY4BgJBYVpg==
  dependencies:
    argparse "^1.0.7"
    esprima "^4.0.0"

load-json-file@^7.0.1:
  version "7.0.1"
  resolved "https://registry.npmjs.org/load-json-file/-/load-json-file-7.0.1.tgz"
  integrity sha512-Gnxj3ev3mB5TkVBGad0JM6dmLiQL+o0t23JPBZ9sd+yvSLk05mFoqKBw5N8gbbkU4TNXyqCgIrl/VM17OgUIgQ==

lodash@^4.17.15:
  version "4.17.23"
  resolved "https://registry.npmjs.org/lodash/-/lodash-4.17.23.tgz"
  integrity sha512-LgVTMpQtIopCi79SJeDiP0TfWi5CNEc/L/aRdTh3yIvmZXTnheWpKjSZhnvMl8iXbC1tFg9gdHHDMLoV7CnG+w==

lru-cache@^10.2.0:
  version "10.4.3"
  resolved "https://registry.npmjs.org/lru-cache/-/lru-cache-10.4.3.tgz"
  integrity sha512-JNAzZcXrCt42VGLuYz0zfAzDfAvJWW6AfYlDBQyDV5DClI2m5sAmK+OIO7s59XfsRsWHp02jAJrRadPRGTt6SQ==

matcher@^5.0.0:
  version "5.0.0"
  resolved "https://registry.npmjs.org/matcher/-/matcher-5.0.0.tgz"
  integrity sha512-s2EMBOWtXFc8dgqvoAzKJXxNHibcdJMV0gwqKUaw9E2JBJuGUK7DrNKrA6g/i+v72TT16+6sVm5mS3thaMLQUw==
  dependencies:
    escape-string-regexp "^5.0.0"

md5-hex@^3.0.1:
  version "3.0.1"
  resolved "https://registry.npmjs.org/md5-hex/-/md5-hex-3.0.1.tgz"
  integrity sha512-BUiRtTtV39LIJwinWBjqVsU9xhdnz7/i889V859IBFpuqGAj6LuOvHv5XLbgZ2R7ptJoJaEcxkv88/h25T7Ciw==
  dependencies:
    blueimp-md5 "^2.10.0"

memoize@^10.1.0:
  version "10.2.0"
  resolved "https://registry.npmjs.org/memoize/-/memoize-10.2.0.tgz"
  integrity sha512-DeC6b7QBrZsRs3Y02A6A7lQyzFbsQbqgjI6UW0GigGWV+u1s25TycMr0XHZE4cJce7rY/vyw2ctMQqfDkIhUEA==
  dependencies:
    mimic-function "^5.0.1"

merge2@^1.3.0:
  version "1.4.1"
  resolved "https://registry.npmjs.org/merge2/-/merge2-1.4.1.tgz"
  integrity sha512-8q7VEgMJW4J8tcfVPy8g09NcQwZdbwFEqhe/WZkoIzjn/3TGDwtOCYtXGxA3O8tPzpczCCDgv+P2P5y00ZJOOg==

micromatch@^4.0.8:
  version "4.0.8"
  resolved "https://registry.npmjs.org/micromatch/-/micromatch-4.0.8.tgz"
  integrity sha512-PXwfBhYu0hBCPw8Dn0E+WDYb7af3dSLVWKi3HGv84IdF4TyFoC0ysxFd0Goxw7nSv4T/PzEJQxsYsEiFCKo2BA==
  dependencies:
    braces "^3.0.3"
    picomatch "^2.3.1"

mimic-function@^5.0.1:
  version "5.0.1"
  resolved "https://registry.npmjs.org/mimic-function/-/mimic-function-5.0.1.tgz"
  integrity sha512-VP79XUPxV2CigYP3jWwAUFSku2aKqBH7uTAapFWCBqutsbmDo96KY5o8uh6U+/YSIn5OxJnXp73beVkpqMIGhA==

minimatch@^9.0.4:
  version "9.0.5"
  resolved "https://registry.npmjs.org/minimatch/-/minimatch-9.0.5.tgz"
  integrity sha512-G6T0ZX48xgozx7587koeX9Ys2NYy6Gmv//P89sEte9V9whIapMNF4idKxnW2QtCcLiTWlb/wfCabAtAFWhhBow==
  dependencies:
    brace-expansion "^2.0.1"

"minipass@^5.0.0 || ^6.0.2 || ^7.0.0", minipass@^7.0.4, minipass@^7.1.2:
  version "7.1.2"
  resolved "https://registry.npmjs.org/minipass/-/minipass-7.1.2.tgz"
  integrity sha512-qOOzS1cBTWYF4BH8fVePDBOO9iptMnGUEZwNc/cMWnTV2nVLZ7VoNWEPHkYczZA0pdoA7dl6e7FL659nX9S2aw==

minizlib@^3.1.0:
  version "3.1.0"
  resolved "https://registry.npmjs.org/minizlib/-/minizlib-3.1.0.tgz"
  integrity sha512-KZxYo1BUkWD2TVFLr0MQoM8vUUigWD3LlD83a/75BqC+4qE0Hb1Vo5v1FgcfaNXvfXzr+5EhQ6ing/CaBijTlw==
  dependencies:
    minipass "^7.1.2"

ms@^2.1.3:
  version "2.1.3"
  resolved "https://registry.npmjs.org/ms/-/ms-2.1.3.tgz"
  integrity sha512-6FlzubTLZG3J2a/NVCAleEhjzq5oxgHyaCU9yYXvcLsvoVaHJq/s5xXI6/XXP6tz7R9xAOtHnSO/tXtF3WRTlA==

node-addon-api@^8.3.1, node-addon-api@^8.5.0:
  version "8.5.0"
  resolved "https://registry.npmjs.org/node-addon-api/-/node-addon-api-8.5.0.tgz"
  integrity sha512-/bRZty2mXUIFY/xU5HLvveNHlswNJej+RnxBjOMkidWfwZzgTbPG1E3K5TOxRLOR+5hX7bSofy8yf1hZevMS8A==

node-fetch@^2.6.7:
  version "2.7.0"
  resolved "https://registry.npmjs.org/node-fetch/-/node-fetch-2.7.0.tgz"
  integrity sha512-c4FRfUm/dbcWZ7U+1Wq0AwCyFL+3nt2bEw05wfxSz+DWpWsitgmSgYmy2dQdWyKC1694ELPqMs/YzUSNozLt8A==
  dependencies:
    whatwg-url "^5.0.0"

node-gyp-build@^4.2.2, node-gyp-build@^4.8.4:
  version "4.8.4"
  resolved "https://registry.npmjs.org/node-gyp-build/-/node-gyp-build-4.8.4.tgz"
  integrity sha512-LA4ZjwlnUblHVgq0oBF3Jl/6h/Nvs5fzBLwdEF4nuxnFdsfajde4WfxtJr3CaiH+F6ewcIB/q4jQ4UzPyid+CQ==

nofilter@^3.0.2:
  version "3.1.0"
  resolved "https://registry.npmjs.org/nofilter/-/nofilter-3.1.0.tgz"
  integrity sha512-l2NNj07e9afPnhAhvgVrCD/oy2Ai1yfLpuo3EpiO1jFTsB4sFz6oIfAfSZyQzVpkZQ9xS8ZS5g1jCBgq4Hwo0g==

nopt@^8.0.0:
  version "8.1.0"
  resolved "https://registry.npmjs.org/nopt/-/nopt-8.1.0.tgz"
  integrity sha512-ieGu42u/Qsa4TFktmaKEwM6MQH0pOWnaB3htzh0JRtx84+Mebc0cbZYN5bC+6WTZ4+77xrL9Pn5m7CV6VIkV7A==
  dependencies:
    abbrev "^3.0.0"

p-map@^7.0.3:
  version "7.0.4"
  resolved "https://registry.npmjs.org/p-map/-/p-map-7.0.4.tgz"
  integrity sha512-tkAQEw8ysMzmkhgw8k+1U/iPhWNhykKnSk4Rd5zLoPJCuJaGRPo6YposrZgaxHKzDHdDWWZvE/Sk7hsL2X/CpQ==

package-config@^5.0.0:
  version "5.0.0"
  resolved "https://registry.npmjs.org/package-config/-/package-config-5.0.0.tgz"
  integrity sha512-GYTTew2slBcYdvRHqjhwaaydVMvn/qrGC323+nKclYioNSLTDUM/lGgtGTgyHVtYcozb+XkE8CNhwcraOmZ9Mg==
  dependencies:
    find-up-simple "^1.0.0"
    load-json-file "^7.0.1"

package-json-from-dist@^1.0.0:
  version "1.0.1"
  resolved "https://registry.npmjs.org/package-json-from-dist/-/package-json-from-dist-1.0.1.tgz"
  integrity sha512-UEZIS3/by4OC8vL3P2dTXRETpebLI2NiI5vIrjaD/5UtrkFX/tNbwjTSRAGC/+7CAo2pIcBaRgWmcBBHcsaCIw==

parse-ms@^4.0.0:
  version "4.0.0"
  resolved "https://registry.npmjs.org/parse-ms/-/parse-ms-4.0.0.tgz"
  integrity sha512-TXfryirbmq34y8QBwgqCVLi+8oA3oWx2eAnSn62ITyEhEYaWRlVZ2DvMM9eZbMs/RfxPu/PK/aBLyGj4IrqMHw==

path-key@^3.1.0:
  version "3.1.1"
  resolved "https://registry.npmjs.org/path-key/-/path-key-3.1.1.tgz"
  integrity sha512-ojmeN0qd+y0jszEtoY48r0Peq5dwMEkIlCOu6Q5f41lfkswXuKtYrhgoTpLnyIcHm24Uhqx+5Tqm2InSwLhE6Q==

path-scurry@^1.11.1:
  version "1.11.1"
  resolved "https://registry.npmjs.org/path-scurry/-/path-scurry-1.11.1.tgz"
  integrity sha512-Xa4Nw17FS9ApQFJ9umLiJS4orGjm7ZzwUrwamcGQuHSzDyth9boKDaycYdDcZDuqYATXw4HFXgaqWTctW/v1HA==
  dependencies:
    lru-cache "^10.2.0"
    minipass "^5.0.0 || ^6.0.2 || ^7.0.0"

path-type@^6.0.0:
  version "6.0.0"
  resolved "https://registry.npmjs.org/path-type/-/path-type-6.0.0.tgz"
  integrity sha512-Vj7sf++t5pBD637NSfkxpHSMfWaeig5+DKWLhcqIYx6mWQz5hdJTGDVMQiJcw1ZYkhs7AazKDGpRVji1LJCZUQ==

picomatch@^2.3.1:
  version "2.3.1"
  resolved "https://registry.npmjs.org/picomatch/-/picomatch-2.3.1.tgz"
  integrity sha512-JU3teHTNjmE2VCGFzuY8EXzCDVwEqB2a8fsIvwaStHhAWJEeVd1o1QD80CU6+ZdEXXSLbSsuLwJjkCBWqRQUVA==

picomatch@^4.0.2:
  version "4.0.3"
  resolved "https://registry.npmjs.org/picomatch/-/picomatch-4.0.3.tgz"
  integrity sha512-5gTmgEY/sqK6gFXLIsQNH19lWb4ebPDLA4SdLP7dsWkIXHWlG66oPuVvXSGFPppYZz8ZDZq0dYYrbHfBCVUb1Q==

plur@^5.1.0:
  version "5.1.0"
  resolved "https://registry.npmjs.org/plur/-/plur-5.1.0.tgz"
  integrity sha512-VP/72JeXqak2KiOzjgKtQen5y3IZHn+9GOuLDafPv0eXa47xq0At93XahYBs26MsifCQ4enGKwbjBTKgb9QJXg==
  dependencies:
    irregular-plurals "^3.3.0"

pretty-ms@^9.2.0:
  version "9.3.0"
  resolved "https://registry.npmjs.org/pretty-ms/-/pretty-ms-9.3.0.tgz"
  integrity sha512-gjVS5hOP+M3wMm5nmNOucbIrqudzs9v/57bWRHQWLYklXqoXKrVfYW2W9+glfGsqtPgpiz5WwyEEB+ksXIx3gQ==
  dependencies:
    parse-ms "^4.0.0"

queue-microtask@^1.2.2:
  version "1.2.3"
  resolved "https://registry.npmjs.org/queue-microtask/-/queue-microtask-1.2.3.tgz"
  integrity sha512-NuaNSa6flKT5JaSYQzJok04JzTL1CA6aGhv5rfLW3PgqA+M2ChpZQnAC8h8i4ZFkBS8X5RqkDBHA7r4hej3K9A==

require-directory@^2.1.1:
  version "2.1.1"
  resolved "https://registry.npmjs.org/require-directory/-/require-directory-2.1.1.tgz"
  integrity sha512-fGxEI7+wsG9xrvdjsrlmL22OMTTiHRwAMroiEeMgq8gzoLC/PQr7RsRDSTLUg/bZAZtF+TVIkHc6/4RIKrui+Q==

resolve-cwd@^3.0.0:
  version "3.0.0"
  resolved "https://registry.npmjs.org/resolve-cwd/-/resolve-cwd-3.0.0.tgz"
  integrity sha512-OrZaX2Mb+rJCpH/6CpSqt9xFVpN++x01XnN2ie9g6P5/3xelLAkXWVADpdz1IHD/KFfEXyE6V0U01OQ3UO2rEg==
  dependencies:
    resolve-from "^5.0.0"

resolve-from@^5.0.0:
  version "5.0.0"
  resolved "https://registry.npmjs.org/resolve-from/-/resolve-from-5.0.0.tgz"
  integrity sha512-qYg9KP24dD5qka9J47d0aVky0N+b4fTU89LN9iDnjB5waksiC49rvMB0PrUJQGoTmH50XPiqOvAjDfaijGxYZw==

reusify@^1.0.4:
  version "1.1.0"
  resolved "https://registry.npmjs.org/reusify/-/reusify-1.1.0.tgz"
  integrity sha512-g6QUff04oZpHs0eG5p83rFLhHeV00ug/Yf9nZM6fLeUrPguBTkTQOdpAWWspMh55TZfVQDPaN3NQJfbVRAxdIw==

run-parallel@^1.1.9:
  version "1.2.0"
  resolved "https://registry.npmjs.org/run-parallel/-/run-parallel-1.2.0.tgz"
  integrity sha512-5l4VyZR86LZ/lDxZTR6jqL8AFE2S0IFLMP26AbjsLVADxHdhB/c0GUsH+y39UfCi3dzz8OlQuPmnaJOMoDHQBA==
  dependencies:
    queue-microtask "^1.2.2"

semver@^7.3.2, semver@^7.5.3:
  version "7.7.4"
  resolved "https://registry.npmjs.org/semver/-/semver-7.7.4.tgz"
  integrity sha512-vFKC2IEtQnVhpT78h1Yp8wzwrf8CM+MzKMHGJZfBtzhZNycRFnXsHk6E5TxIkkMsgNS7mdX3AGB7x2QM2di4lA==

serialize-error@^7.0.1:
  version "7.0.1"
  resolved "https://registry.npmjs.org/serialize-error/-/serialize-error-7.0.1.tgz"
  integrity sha512-8I8TjW5KMOKsZQTvoxjuSIa7foAwPWGOts+6o7sgjz41/qMD9VQHEDxi6PBvK2l0MXUmqZyNpUK+T2tQaaElvw==
  dependencies:
    type-fest "^0.13.1"

shebang-command@^2.0.0:
  version "2.0.0"
  resolved "https://registry.npmjs.org/shebang-command/-/shebang-command-2.0.0.tgz"
  integrity sha512-kHxr2zZpYtdmrN1qDjrrX/Z1rR1kG8Dx+gkpK1G4eXmvXswmcE1hTWBWYUzlraYw1/yZp6YuDY77YtvbN0dmDA==
  dependencies:
    shebang-regex "^3.0.0"

shebang-regex@^3.0.0:
  version "3.0.0"
  resolved "https://registry.npmjs.org/shebang-regex/-/shebang-regex-3.0.0.tgz"
  integrity sha512-7++dFhtcx3353uBaq8DDR4NuxBetBzC7ZQOhmTQInHEd6bSrXdiEyzCvG07Z44UYdLShWUyXt5M/yhz8ekcb1A==

signal-exit@^4.0.1:
  version "4.1.0"
  resolved "https://registry.npmjs.org/signal-exit/-/signal-exit-4.1.0.tgz"
  integrity sha512-bzyZ1e88w9O1iNJbKnOlvYTrWPDl46O1bG0D3XInv+9tkPrxrN8jUUTiFlDkkmKWgn1M6CfIA13SuGqOa9Korw==

slash@^5.1.0:
  version "5.1.0"
  resolved "https://registry.npmjs.org/slash/-/slash-5.1.0.tgz"
  integrity sha512-ZA6oR3T/pEyuqwMgAKT0/hAv8oAXckzbkmR0UkUosQ+Mc4RxGoJkRmwHgHufaenlyAgE1Mxgpdcrf75y6XcnDg==

slice-ansi@^5.0.0:
  version "5.0.0"
  resolved "https://registry.npmjs.org/slice-ansi/-/slice-ansi-5.0.0.tgz"
  integrity sha512-FC+lgizVPfie0kkhqUScwRu1O/lF6NOgJmlCgK+/LYxDCTk8sGelYaHDhFcDN+Sn3Cv+3VSa4Byeo+IMCzpMgQ==
  dependencies:
    ansi-styles "^6.0.0"
    is-fullwidth-code-point "^4.0.0"

sprintf-js@~1.0.2:
  version "1.0.3"
  resolved "https://registry.npmjs.org/sprintf-js/-/sprintf-js-1.0.3.tgz"
  integrity sha512-D9cPgkvLlV3t3IzL0D0YLvGA9Ahk4PcvVwUbN0dSGr1aP0Nrt4AEnTUbuGvquEC0mA64Gqt1fzirlRs5ibXx8g==

stack-utils@^2.0.6:
  version "2.0.6"
  resolved "https://registry.npmjs.org/stack-utils/-/stack-utils-2.0.6.tgz"
  integrity sha512-XlkWvfIm6RmsWtNJx+uqtKLS8eqFbxUg0ZzLXqY0caEy9l7hruX8IpiDnjsLavoBgqCCR71TqWO8MaXYheJ3RQ==
  dependencies:
    escape-string-regexp "^2.0.0"

"string-width-cjs@npm:string-width@^4.2.0":
  version "4.2.3"
  resolved "https://registry.npmjs.org/string-width/-/string-width-4.2.3.tgz"
  integrity sha512-wKyQRQpjJ0sIp62ErSZdGsjMJWsap5oRNihHhu6G7JVO/9jIB6UyevL+tXuOqrng8j/cxKTWyWUwvSTriiZz/g==
  dependencies:
    emoji-regex "^8.0.0"
    is-fullwidth-code-point "^3.0.0"
    strip-ansi "^6.0.1"

string-width@^4.1.0, string-width@^4.2.0, string-width@^4.2.3:
  version "4.2.3"
  resolved "https://registry.npmjs.org/string-width/-/string-width-4.2.3.tgz"
  integrity sha512-wKyQRQpjJ0sIp62ErSZdGsjMJWsap5oRNihHhu6G7JVO/9jIB6UyevL+tXuOqrng8j/cxKTWyWUwvSTriiZz/g==
  dependencies:
    emoji-regex "^8.0.0"
    is-fullwidth-code-point "^3.0.0"
    strip-ansi "^6.0.1"

string-width@^5.0.1, string-width@^5.1.2:
  version "5.1.2"
  resolved "https://registry.npmjs.org/string-width/-/string-width-5.1.2.tgz"
  integrity sha512-HnLOCR3vjcY8beoNLtcjZ5/nxn2afmME6lhrDrebokqMap+XbeW8n9TXpPDOqdGK5qcI3oT0GKTW6wC7EMiVqA==
  dependencies:
    eastasianwidth "^0.2.0"
    emoji-regex "^9.2.2"
    strip-ansi "^7.0.1"

string-width@^7.0.0:
  version "7.2.0"
  resolved "https://registry.npmjs.org/string-width/-/string-width-7.2.0.tgz"
  integrity sha512-tsaTIkKW9b4N+AEj+SVA+WhJzV7/zMhcSu78mLKWSk7cXMOSHsBKFWUs0fWwq8QyK3MgJBQRX6Gbi4kYbdvGkQ==
  dependencies:
    emoji-regex "^10.3.0"
    get-east-asian-width "^1.0.0"
    strip-ansi "^7.1.0"

"strip-ansi-cjs@npm:strip-ansi@^6.0.1":
  version "6.0.1"
  resolved "https://registry.npmjs.org/strip-ansi/-/strip-ansi-6.0.1.tgz"
  integrity sha512-Y38VPSHcqkFrCpFnQ9vuSXmquuv5oXOKpGeT6aGrr3o3Gc9AlVa6JBfUSOCnbxGGZF+/0ooI7KrPuUSztUdU5A==
  dependencies:
    ansi-regex "^5.0.1"

strip-ansi@^6.0.0, strip-ansi@^6.0.1:
  version "6.0.1"
  resolved "https://registry.npmjs.org/strip-ansi/-/strip-ansi-6.0.1.tgz"
  integrity sha512-Y38VPSHcqkFrCpFnQ9vuSXmquuv5oXOKpGeT6aGrr3o3Gc9AlVa6JBfUSOCnbxGGZF+/0ooI7KrPuUSztUdU5A==
  dependencies:
    ansi-regex "^5.0.1"

strip-ansi@^7.0.1, strip-ansi@^7.1.0:
  version "7.1.2"
  resolved "https://registry.npmjs.org/strip-ansi/-/strip-ansi-7.1.2.tgz"
  integrity sha512-gmBGslpoQJtgnMAvOVqGZpEz9dyoKTCzy2nfz/n8aIFhN/jCE/rCmcxabB6jOOHV+0WNnylOxaxBQPSvcWklhA==
  dependencies:
    ansi-regex "^6.0.1"

supertap@^3.0.1:
  version "3.0.1"
  resolved "https://registry.npmjs.org/supertap/-/supertap-3.0.1.tgz"
  integrity sha512-u1ZpIBCawJnO+0QePsEiOknOfCRq0yERxiAchT0i4li0WHNUJbf0evXXSXOcCAR4M8iMDoajXYmstm/qO81Isw==
  dependencies:
    indent-string "^5.0.0"
    js-yaml "^3.14.1"
    serialize-error "^7.0.1"
    strip-ansi "^7.0.1"

tar@^7.4.0:
  version "7.5.9"
  resolved "https://registry.npmjs.org/tar/-/tar-7.5.9.tgz"
  integrity sha512-BTLcK0xsDh2+PUe9F6c2TlRp4zOOBMTkoQHQIWSIzI0R7KG46uEwq4OPk2W7bZcprBMsuaeFsqwYr7pjh6CuHg==
  dependencies:
    "@isaacs/fs-minipass" "^4.0.0"
    chownr "^3.0.0"
    minipass "^7.1.2"
    minizlib "^3.1.0"
    yallist "^5.0.0"

temp-dir@^3.0.0:
  version "3.0.0"
  resolved "https://registry.npmjs.org/temp-dir/-/temp-dir-3.0.0.tgz"
  integrity sha512-nHc6S/bwIilKHNRgK/3jlhDoIHcp45YgyiwcAk46Tr0LfEqGBVpmiAyuiuxeVE44m3mXnEeVhaipLOEWmH+Njw==

time-zone@^1.0.0:
  version "1.0.0"
  resolved "https://registry.npmjs.org/time-zone/-/time-zone-1.0.0.tgz"
  integrity sha512-TIsDdtKo6+XrPtiTm1ssmMngN1sAhyKnTO2kunQWqNPWIVvCm15Wmw4SWInwTVgJ5u/Tr04+8Ei9TNcw4x4ONA==

to-regex-range@^5.0.1:
  version "5.0.1"
  resolved "https://registry.npmjs.org/to-regex-range/-/to-regex-range-5.0.1.tgz"
  integrity sha512-65P7iz6X5yEr1cwcgvQxbbIw7Uk3gOy5dIdtZ4rDveLqhrdJP+Li/Hx6tyK0NEb+2GCyneCMJiGqrADCSNk8sQ==
  dependencies:
    is-number "^7.0.0"

tr46@~0.0.3:
  version "0.0.3"
  resolved "https://registry.npmjs.org/tr46/-/tr46-0.0.3.tgz"
  integrity sha512-N3WMsuqV66lT30CrXNbEjx4GEwlow3v6rr4mCcv6prnfwhS01rkgyFdjPNBYd9br7LpXV1+Emh01fHnq2Gdgrw==

tree-sitter-javascript@^0.25.0:
  version "0.25.0"
  resolved "https://registry.npmjs.org/tree-sitter-javascript/-/tree-sitter-javascript-0.25.0.tgz"
  integrity sha512-1fCbmzAskZkxcZzN41sFZ2br2iqTYP3tKls1b/HKGNPQUVOpsUxpmGxdN/wMqAk3jYZnYBR1dd/y/0avMeU7dw==
  dependencies:
    node-addon-api "^8.3.1"
    node-gyp-build "^4.8.4"

tree-sitter-python@^0.25.0:
  version "0.25.0"
  resolved "https://registry.yarnpkg.com/tree-sitter-python/-/tree-sitter-python-0.25.0.tgz#c1c460915cb883feb2d9ecefeb98b3794eba85f5"
  integrity sha512-eCmJx6zQa35GxaCtQD+wXHOhYqBxEL+bp71W/s3fcDMu06MrtzkVXR437dRrCrbrDbyLuUDJpAgycs7ncngLXw==
  dependencies:
    node-addon-api "^8.5.0"
    node-gyp-build "^4.8.4"

type-fest@^0.13.1:
  version "0.13.1"
  resolved "https://registry.npmjs.org/type-fest/-/type-fest-0.13.1.tgz"
  integrity sha512-34R7HTnG0XIJcBSn5XhDd7nNFPRcXYRZrBB2O2jdKqYODldSzBAqzsWoZYYvduky73toYS/ESqxPvkDf/F0XMg==

unicorn-magic@^0.3.0:
  version "0.3.0"
  resolved "https://registry.npmjs.org/unicorn-magic/-/unicorn-magic-0.3.0.tgz"
  integrity sha512-+QBBXBCvifc56fsbuxZQ6Sic3wqqc3WWaqxs58gvJrcOuN83HGTCwz3oS5phzU9LthRNE9VrJCFCLUgHeeFnfA==

web-tree-sitter@^0.25.0:
  version "0.25.10"
  resolved "https://registry.npmjs.org/web-tree-sitter/-/web-tree-sitter-0.25.10.tgz"
  integrity sha512-Y09sF44/13XvgVKgO2cNDw5rGk6s26MgoZPXLESvMXeefBf7i6/73eFurre0IsTW6E14Y0ArIzhUMmjoc7xyzA==

webidl-conversions@^3.0.0:
  version "3.0.1"
  resolved "https://registry.npmjs.org/webidl-conversions/-/webidl-conversions-3.0.1.tgz"
  integrity sha512-2JAn3z8AR6rjK8Sm8orRC0h/bcl/DqL7tRPdGZ4I1CjdF+EaMLmYxBHyXuKL849eucPFhvBoxMsflfOb8kxaeQ==

well-known-symbols@^2.0.0:
  version "2.0.0"
  resolved "https://registry.npmjs.org/well-known-symbols/-/well-known-symbols-2.0.0.tgz"
  integrity sha512-ZMjC3ho+KXo0BfJb7JgtQ5IBuvnShdlACNkKkdsqBmYw3bPAaJfPeYUo6tLUaT5tG/Gkh7xkpBhKRQ9e7pyg9Q==

whatwg-url@^5.0.0:
  version "5.0.0"
  resolved "https://registry.npmjs.org/whatwg-url/-/whatwg-url-5.0.0.tgz"
  integrity sha512-saE57nupxk6v3HY35+jzBwYa0rKSy0XR8JSxZPwgLr7ys0IBzhGviA1/TUGJLmSVqs8pb9AnvICXEuOHLprYTw==
  dependencies:
    tr46 "~0.0.3"
    webidl-conversions "^3.0.0"

which@^2.0.1:
  version "2.0.2"
  resolved "https://registry.npmjs.org/which/-/which-2.0.2.tgz"
  integrity sha512-BLI3Tl1TW3Pvl70l3yq3Y64i+awpwXqsGBYWkkqMtnbXgrMD+yj7rhW0kuEDxzJaYXGjEW5ogapKNMEKNMjibA==
  dependencies:
    isexe "^2.0.0"

"wrap-ansi-cjs@npm:wrap-ansi@^7.0.0":
  version "7.0.0"
  resolved "https://registry.npmjs.org/wrap-ansi/-/wrap-ansi-7.0.0.tgz"
  integrity sha512-YVGIj2kamLSTxw6NsZjoBxfSwsn0ycdesmc4p+Q21c5zPuZ1pl+NfxVdxPtdHvmNVOQ6XSYG4AUtyt/Fi7D16Q==
  dependencies:
    ansi-styles "^4.0.0"
    string-width "^4.1.0"
    strip-ansi "^6.0.0"

wrap-ansi@^7.0.0:
  version "7.0.0"
  resolved "https://registry.npmjs.org/wrap-ansi/-/wrap-ansi-7.0.0.tgz"
  integrity sha512-YVGIj2kamLSTxw6NsZjoBxfSwsn0ycdesmc4p+Q21c5zPuZ1pl+NfxVdxPtdHvmNVOQ6XSYG4AUtyt/Fi7D16Q==
  dependencies:
    ansi-styles "^4.0.0"
    string-width "^4.1.0"
    strip-ansi "^6.0.0"

wrap-ansi@^8.1.0:
  version "8.1.0"
  resolved "https://registry.npmjs.org/wrap-ansi/-/wrap-ansi-8.1.0.tgz"
  integrity sha512-si7QWI6zUMq56bESFvagtmzMdGOtoxfR+Sez11Mobfc7tm+VkUckk9bW2UeffTGVUbOksxmSw0AA2gs8g71NCQ==
  dependencies:
    ansi-styles "^6.1.0"
    string-width "^5.0.1"
    strip-ansi "^7.0.1"

write-file-atomic@^6.0.0:
  version "6.0.0"
  resolved "https://registry.npmjs.org/write-file-atomic/-/write-file-atomic-6.0.0.tgz"
  integrity sha512-GmqrO8WJ1NuzJ2DrziEI2o57jKAVIQNf8a18W3nCYU3H7PNWqCCVTeH6/NQE93CIllIgQS98rrmVkYgTX9fFJQ==
  dependencies:
    imurmurhash "^0.1.4"
    signal-exit "^4.0.1"

y18n@^5.0.5:
  version "5.0.8"
  resolved "https://registry.npmjs.org/y18n/-/y18n-5.0.8.tgz"
  integrity sha512-0pfFzegeDWJHJIAmTLRP2DwHjdF5s7jo9tuztdQxAhINCdvS+3nGINqPd00AphqJR/0LhANUS6/+7SCb98YOfA==

yallist@^5.0.0:
  version "5.0.0"
  resolved "https://registry.npmjs.org/yallist/-/yallist-5.0.0.tgz"
  integrity sha512-YgvUTfwqyc7UXVMrB+SImsVYSmTS8X/tSrtdNZMImM+n7+QTriRXyXim0mBrTXNeqzVF0KWGgHPeiyViFFrNDw==

yargs-parser@^21.1.1:
  version "21.1.1"
  resolved "https://registry.npmjs.org/yargs-parser/-/yargs-parser-21.1.1.tgz"
  integrity sha512-tVpsJW7DdjecAiFpbIB1e3qxIQsE6NoPc5/eTdrbbIC4h0LVsWhnoa3g+m2HclBIujHzsxZ4VJVA+GUuc2/LBw==

yargs@^17.7.2:
  version "17.7.2"
  resolved "https://registry.npmjs.org/yargs/-/yargs-17.7.2.tgz"
  integrity sha512-7dSzzRQ++CKnNI/krKnYRV7JKKPUXMEh61soaHKg9mrWEhzFWhFnxPxGl+69cD1Ou63C13NUPCnmIcrvqCuM6w==
  dependencies:
    cliui "^8.0.1"
    escalade "^3.1.1"
    get-caller-file "^2.0.5"
    require-directory "^2.1.1"
    string-width "^4.2.3"
    y18n "^5.0.5"
    yargs-parser "^21.1.1"
